// !$*UTF8*$!
{
	archiveVersion = 1;
	classes = {
	};
	objectVersion = 52;
	objects = {

/* Begin PBXBuildFile section */
		181C43A825620AD10009D631 /* Localizable.strings in Resources */ = {isa = PBXBuildFile; fileRef = 181C43AA25620AD10009D631 /* Localizable.strings */; };
		181C43F1256211720009D631 /* UserDataViewModel.swift in Sources */ = {isa = PBXBuildFile; fileRef = 181C43F0256211720009D631 /* UserDataViewModel.swift */; };
		181C4413256216220009D631 /* language.json in Resources */ = {isa = PBXBuildFile; fileRef = 181C4412256216210009D631 /* language.json */; };
		181C443C2562272A0009D631 /* MenuView.swift in Sources */ = {isa = PBXBuildFile; fileRef = 181C443B2562272A0009D631 /* MenuView.swift */; };
		181C4443256227D30009D631 /* SDWebImageSwiftUI in Frameworks */ = {isa = PBXBuildFile; productRef = 181C4442256227D30009D631 /* SDWebImageSwiftUI */; };
		181C4448256227F60009D631 /* MenuCellView.swift in Sources */ = {isa = PBXBuildFile; fileRef = 181C4447256227F60009D631 /* MenuCellView.swift */; };
		181C446A2562285D0009D631 /* MenuItemModel.swift in Sources */ = {isa = PBXBuildFile; fileRef = 181C44692562285D0009D631 /* MenuItemModel.swift */; };
		181C446F256228B60009D631 /* MenuViewModel.swift in Sources */ = {isa = PBXBuildFile; fileRef = 181C446E256228B60009D631 /* MenuViewModel.swift */; };
		181C4484256231C80009D631 /* AppearanceSettingsView.swift in Sources */ = {isa = PBXBuildFile; fileRef = 181C4483256231C80009D631 /* AppearanceSettingsView.swift */; };
		181C4489256231FD0009D631 /* AppearanceSettingsViewModel.swift in Sources */ = {isa = PBXBuildFile; fileRef = 181C4488256231FD0009D631 /* AppearanceSettingsViewModel.swift */; };
		181C4492256233030009D631 /* LanguageView.swift in Sources */ = {isa = PBXBuildFile; fileRef = 181C4491256233030009D631 /* LanguageView.swift */; };
		181C449B256233430009D631 /* LanguageViewModel.swift in Sources */ = {isa = PBXBuildFile; fileRef = 181C449A256233430009D631 /* LanguageViewModel.swift */; };
		181C44A0256233720009D631 /* ThemeView.swift in Sources */ = {isa = PBXBuildFile; fileRef = 181C449F256233720009D631 /* ThemeView.swift */; };
		181C44A9256233AA0009D631 /* ThemeViewModel.swift in Sources */ = {isa = PBXBuildFile; fileRef = 181C44A8256233AA0009D631 /* ThemeViewModel.swift */; };
		181C44AE256234900009D631 /* LanguageRepository.swift in Sources */ = {isa = PBXBuildFile; fileRef = 181C44AD256234900009D631 /* LanguageRepository.swift */; };
		181C44B3256237540009D631 /* SettingCellView.swift in Sources */ = {isa = PBXBuildFile; fileRef = 181C44B2256237540009D631 /* SettingCellView.swift */; };
		181C44B8256238C80009D631 /* LanguageCellView.swift in Sources */ = {isa = PBXBuildFile; fileRef = 181C44B7256238C80009D631 /* LanguageCellView.swift */; };
		181C44C12562391E0009D631 /* CheckBoxUtility.swift in Sources */ = {isa = PBXBuildFile; fileRef = 181C44C02562391E0009D631 /* CheckBoxUtility.swift */; };
		181C44EB2562428C0009D631 /* ContentViewModel.swift in Sources */ = {isa = PBXBuildFile; fileRef = 181C44EA2562428C0009D631 /* ContentViewModel.swift */; };
		181C45E2256251620009D631 /* RegisterUserResDTO.swift in Sources */ = {isa = PBXBuildFile; fileRef = 181C45E1256251620009D631 /* RegisterUserResDTO.swift */; };
		1844013E25605C7D000CABC5 /* Camera.storyboard in Resources */ = {isa = PBXBuildFile; fileRef = 1844013D25605C7D000CABC5 /* Camera.storyboard */; };
		1844014325605CC2000CABC5 /* CameraController.swift in Sources */ = {isa = PBXBuildFile; fileRef = 1844014225605CC2000CABC5 /* CameraController.swift */; };
		1844014925605CF0000CABC5 /* CameraViewController.swift in Sources */ = {isa = PBXBuildFile; fileRef = 1844014825605CF0000CABC5 /* CameraViewController.swift */; };
		1844014E25605D16000CABC5 /* CameraView.swift in Sources */ = {isa = PBXBuildFile; fileRef = 1844014D25605D16000CABC5 /* CameraView.swift */; };
		1844017525605DD7000CABC5 /* DefaultsConfig.swift in Sources */ = {isa = PBXBuildFile; fileRef = 1844017425605DD7000CABC5 /* DefaultsConfig.swift */; };
		1844017A25605ED8000CABC5 /* FrameUtility.swift in Sources */ = {isa = PBXBuildFile; fileRef = 1844017925605ED8000CABC5 /* FrameUtility.swift */; };
		1844017F25605F27000CABC5 /* Math.swift in Sources */ = {isa = PBXBuildFile; fileRef = 1844017E25605F27000CABC5 /* Math.swift */; };
		1844018425605F79000CABC5 /* PhotoPickerController.swift in Sources */ = {isa = PBXBuildFile; fileRef = 1844018325605F79000CABC5 /* PhotoPickerController.swift */; };
		1844018D256060DD000CABC5 /* PhotoGridViewCell.swift in Sources */ = {isa = PBXBuildFile; fileRef = 1844018C256060DD000CABC5 /* PhotoGridViewCell.swift */; };
		1844019525606109000CABC5 /* GalleryViewController.swift in Sources */ = {isa = PBXBuildFile; fileRef = 1844019425606109000CABC5 /* GalleryViewController.swift */; };
		1844019A2560615B000CABC5 /* PhotoLibrary.swift in Sources */ = {isa = PBXBuildFile; fileRef = 184401992560615B000CABC5 /* PhotoLibrary.swift */; };
		1844019F2560617D000CABC5 /* GalleryView.swift in Sources */ = {isa = PBXBuildFile; fileRef = 1844019E2560617D000CABC5 /* GalleryView.swift */; };
		184401A4256061D2000CABC5 /* DirectionalPanGestureRecognizer.swift in Sources */ = {isa = PBXBuildFile; fileRef = 184401A3256061D2000CABC5 /* DirectionalPanGestureRecognizer.swift */; };
		184401A925606279000CABC5 /* UIButton+Events.swift in Sources */ = {isa = PBXBuildFile; fileRef = 184401A825606279000CABC5 /* UIButton+Events.swift */; };
		184401AE25606309000CABC5 /* CircleView.swift in Sources */ = {isa = PBXBuildFile; fileRef = 184401AD25606309000CABC5 /* CircleView.swift */; };
		184401B725606362000CABC5 /* ViewExtension.swift in Sources */ = {isa = PBXBuildFile; fileRef = 184401B625606362000CABC5 /* ViewExtension.swift */; };
		184401BC2560639B000CABC5 /* FileSystem.swift in Sources */ = {isa = PBXBuildFile; fileRef = 184401BB2560639B000CABC5 /* FileSystem.swift */; };
		184401C1256063E3000CABC5 /* StringExtension.swift in Sources */ = {isa = PBXBuildFile; fileRef = 184401C0256063E3000CABC5 /* StringExtension.swift */; };
		184401D32560658F000CABC5 /* SegueConfig.swift in Sources */ = {isa = PBXBuildFile; fileRef = 184401D22560658F000CABC5 /* SegueConfig.swift */; };
		184401E925607531000CABC5 /* ApplicationExtension.swift in Sources */ = {isa = PBXBuildFile; fileRef = 184401E825607531000CABC5 /* ApplicationExtension.swift */; };
		184401F42560860D000CABC5 /* InfoPlist.strings in Resources */ = {isa = PBXBuildFile; fileRef = 184401F32560860D000CABC5 /* InfoPlist.strings */; };
		1844020C25609FFF000CABC5 /* UserModel.swift in Sources */ = {isa = PBXBuildFile; fileRef = 1844020B25609FFF000CABC5 /* UserModel.swift */; };
		184402202560A166000CABC5 /* MapView.swift in Sources */ = {isa = PBXBuildFile; fileRef = 1844021F2560A166000CABC5 /* MapView.swift */; };
		184402262560A18D000CABC5 /* LocationView.swift in Sources */ = {isa = PBXBuildFile; fileRef = 184402252560A18D000CABC5 /* LocationView.swift */; };
		1844022B2560A1B4000CABC5 /* LocationViewModel.swift in Sources */ = {isa = PBXBuildFile; fileRef = 1844022A2560A1B4000CABC5 /* LocationViewModel.swift */; };
		1844024B2560A34C000CABC5 /* RegisterUserReqDTO.swift in Sources */ = {isa = PBXBuildFile; fileRef = 1844024A2560A34C000CABC5 /* RegisterUserReqDTO.swift */; };
		184402572560A449000CABC5 /* ResDTO.swift in Sources */ = {isa = PBXBuildFile; fileRef = 184402562560A449000CABC5 /* ResDTO.swift */; };
		1844025C2560A46A000CABC5 /* ResultResDTO.swift in Sources */ = {isa = PBXBuildFile; fileRef = 1844025B2560A46A000CABC5 /* ResultResDTO.swift */; };
		184402612560A48A000CABC5 /* ErrorDTO.swift in Sources */ = {isa = PBXBuildFile; fileRef = 184402602560A48A000CABC5 /* ErrorDTO.swift */; };
		184402662560A4AE000CABC5 /* ManagerWS.swift in Sources */ = {isa = PBXBuildFile; fileRef = 184402652560A4AE000CABC5 /* ManagerWS.swift */; };
		1844026C2560A554000CABC5 /* UserWS.swift in Sources */ = {isa = PBXBuildFile; fileRef = 1844026B2560A554000CABC5 /* UserWS.swift */; };
		184402742560A5C6000CABC5 /* UserRepository.swift in Sources */ = {isa = PBXBuildFile; fileRef = 184402732560A5C6000CABC5 /* UserRepository.swift */; };
		184402D42560A6D4000CABC5 /* Constant.swift in Sources */ = {isa = PBXBuildFile; fileRef = 184402D32560A6D4000CABC5 /* Constant.swift */; };
		184402F92560A788000CABC5 /* LocationModel.swift in Sources */ = {isa = PBXBuildFile; fileRef = 184402F82560A788000CABC5 /* LocationModel.swift */; };
		184402FE2560A7FD000CABC5 /* ColorConfig.swift in Sources */ = {isa = PBXBuildFile; fileRef = 184402FD2560A7FD000CABC5 /* ColorConfig.swift */; };
		184403032560A858000CABC5 /* LocationCellView.swift in Sources */ = {isa = PBXBuildFile; fileRef = 184403022560A858000CABC5 /* LocationCellView.swift */; };
		184403082560A888000CABC5 /* TableViewConfig.swift in Sources */ = {isa = PBXBuildFile; fileRef = 184403072560A888000CABC5 /* TableViewConfig.swift */; };
		1844030D2560A8B2000CABC5 /* LoadingView.swift in Sources */ = {isa = PBXBuildFile; fileRef = 1844030C2560A8B2000CABC5 /* LoadingView.swift */; };
		184403122560A8E2000CABC5 /* WeakTimer.swift in Sources */ = {isa = PBXBuildFile; fileRef = 184403112560A8E2000CABC5 /* WeakTimer.swift */; };
		184403332560A9EE000CABC5 /* SearchBarView.swift in Sources */ = {isa = PBXBuildFile; fileRef = 184403322560A9EE000CABC5 /* SearchBarView.swift */; };
		184403382560AA22000CABC5 /* TextFieldUtility.swift in Sources */ = {isa = PBXBuildFile; fileRef = 184403372560AA22000CABC5 /* TextFieldUtility.swift */; };
		1844033D2560AA8E000CABC5 /* ImageExtension.swift in Sources */ = {isa = PBXBuildFile; fileRef = 1844033C2560AA8E000CABC5 /* ImageExtension.swift */; };
		184403422560AAED000CABC5 /* LanguageConfig.swift in Sources */ = {isa = PBXBuildFile; fileRef = 184403412560AAED000CABC5 /* LanguageConfig.swift */; };
		184403472560AB17000CABC5 /* LanguageModel.swift in Sources */ = {isa = PBXBuildFile; fileRef = 184403462560AB17000CABC5 /* LanguageModel.swift */; };
		1844034C2560AB44000CABC5 /* BundleExtension.swift in Sources */ = {isa = PBXBuildFile; fileRef = 1844034B2560AB44000CABC5 /* BundleExtension.swift */; };
		184403512560AB6B000CABC5 /* ErrorUtility.swift in Sources */ = {isa = PBXBuildFile; fileRef = 184403502560AB6B000CABC5 /* ErrorUtility.swift */; };
		184403B62560AF06000CABC5 /* ReqDTO.swift in Sources */ = {isa = PBXBuildFile; fileRef = 184403B52560AF06000CABC5 /* ReqDTO.swift */; };
		188DF44D255F8A22000A729E /* TechnicalTestOlimpiaApp.swift in Sources */ = {isa = PBXBuildFile; fileRef = 188DF44C255F8A22000A729E /* TechnicalTestOlimpiaApp.swift */; };
		188DF44F255F8A22000A729E /* ContentView.swift in Sources */ = {isa = PBXBuildFile; fileRef = 188DF44E255F8A22000A729E /* ContentView.swift */; };
		188DF451255F8A25000A729E /* Assets.xcassets in Resources */ = {isa = PBXBuildFile; fileRef = 188DF450255F8A25000A729E /* Assets.xcassets */; };
		188DF454255F8A25000A729E /* Preview Assets.xcassets in Resources */ = {isa = PBXBuildFile; fileRef = 188DF453255F8A25000A729E /* Preview Assets.xcassets */; };
		188DF45F255F8A25000A729E /* TechnicalTestOlimpiaTests.swift in Sources */ = {isa = PBXBuildFile; fileRef = 188DF45E255F8A25000A729E /* TechnicalTestOlimpiaTests.swift */; };
		188DF46A255F8A25000A729E /* TechnicalTestOlimpiaUITests.swift in Sources */ = {isa = PBXBuildFile; fileRef = 188DF469255F8A25000A729E /* TechnicalTestOlimpiaUITests.swift */; };
		188DF47D255F8E5B000A729E /* UserDataView.swift in Sources */ = {isa = PBXBuildFile; fileRef = 188DF47C255F8E5B000A729E /* UserDataView.swift */; };
		188DF486255F8F68000A729E /* ColorExtension.swift in Sources */ = {isa = PBXBuildFile; fileRef = 188DF485255F8F68000A729E /* ColorExtension.swift */; };
		188DF496255F9029000A729E /* DeviceExtension.swift in Sources */ = {isa = PBXBuildFile; fileRef = 188DF495255F9029000A729E /* DeviceExtension.swift */; };
		188DF49F255F90A7000A729E /* NavigationBarModifier.swift in Sources */ = {isa = PBXBuildFile; fileRef = 188DF49E255F90A7000A729E /* NavigationBarModifier.swift */; };
		188DF4A5255F90EA000A729E /* FontsModifiers.swift in Sources */ = {isa = PBXBuildFile; fileRef = 188DF4A4255F90EA000A729E /* FontsModifiers.swift */; };
		188DF4AD255F9108000A729E /* CornerRadiusStyle.swift in Sources */ = {isa = PBXBuildFile; fileRef = 188DF4AC255F9108000A729E /* CornerRadiusStyle.swift */; };
		188DF4B7255F926E000A729E /* Roboto-Light.ttf in Resources */ = {isa = PBXBuildFile; fileRef = 188DF4B1255F926D000A729E /* Roboto-Light.ttf */; };
		188DF4B8255F926E000A729E /* Roboto-Medium.ttf in Resources */ = {isa = PBXBuildFile; fileRef = 188DF4B2255F926D000A729E /* Roboto-Medium.ttf */; };
		188DF4B9255F926E000A729E /* Roboto-Regular.ttf in Resources */ = {isa = PBXBuildFile; fileRef = 188DF4B3255F926E000A729E /* Roboto-Regular.ttf */; };
		188DF4BA255F926E000A729E /* Roboto-Italic.ttf in Resources */ = {isa = PBXBuildFile; fileRef = 188DF4B4255F926E000A729E /* Roboto-Italic.ttf */; };
		188DF4BB255F926E000A729E /* Roboto-BoldItalic.ttf in Resources */ = {isa = PBXBuildFile; fileRef = 188DF4B5255F926E000A729E /* Roboto-BoldItalic.ttf */; };
		188DF4BC255F926E000A729E /* Roboto-Bold.ttf in Resources */ = {isa = PBXBuildFile; fileRef = 188DF4B6255F926E000A729E /* Roboto-Bold.ttf */; };
		188DF4C6255F9316000A729E /* FontUtility.swift in Sources */ = {isa = PBXBuildFile; fileRef = 188DF4C5255F9316000A729E /* FontUtility.swift */; };
		188DF4E0255F9879000A729E /* TextFieldStyle.swift in Sources */ = {isa = PBXBuildFile; fileRef = 188DF4DF255F9879000A729E /* TextFieldStyle.swift */; };
		188DF4E8255F9D7B000A729E /* Buttons.swift in Sources */ = {isa = PBXBuildFile; fileRef = 188DF4E7255F9D7B000A729E /* Buttons.swift */; };
		188DF4FA255FA05E000A729E /* FontConfig.swift in Sources */ = {isa = PBXBuildFile; fileRef = 188DF4F9255FA05E000A729E /* FontConfig.swift */; };
		18C9CCD32560B0E5005049F2 /* JsonCodable.swift in Sources */ = {isa = PBXBuildFile; fileRef = 18C9CCD22560B0E5005049F2 /* JsonCodable.swift */; };
		2026ECA14D8DA5D44F18B1A2 /* Pods_TechnicalTestOlimpia.framework in Frameworks */ = {isa = PBXBuildFile; fileRef = 104D932BBF7803A0EC55A568 /* Pods_TechnicalTestOlimpia.framework */; };
		44193F3BED0FDA52F5B68D59 /* Pods_TechnicalTestOlimpiaTests.framework in Frameworks */ = {isa = PBXBuildFile; fileRef = 576BB9596F2D1705CCF95027 /* Pods_TechnicalTestOlimpiaTests.framework */; };
/* End PBXBuildFile section */

/* Begin PBXContainerItemProxy section */
		188DF45B255F8A25000A729E /* PBXContainerItemProxy */ = {
			isa = PBXContainerItemProxy;
			containerPortal = 188DF441255F8A22000A729E /* Project object */;
			proxyType = 1;
			remoteGlobalIDString = 188DF448255F8A22000A729E;
			remoteInfo = TechnicalTestOlimpia;
		};
		188DF466255F8A25000A729E /* PBXContainerItemProxy */ = {
			isa = PBXContainerItemProxy;
			containerPortal = 188DF441255F8A22000A729E /* Project object */;
			proxyType = 1;
			remoteGlobalIDString = 188DF448255F8A22000A729E;
			remoteInfo = TechnicalTestOlimpia;
		};
/* End PBXContainerItemProxy section */

/* Begin PBXFileReference section */
		104D932BBF7803A0EC55A568 /* Pods_TechnicalTestOlimpia.framework */ = {isa = PBXFileReference; explicitFileType = wrapper.framework; includeInIndex = 0; path = Pods_TechnicalTestOlimpia.framework; sourceTree = BUILT_PRODUCTS_DIR; };
		181C43A925620AD10009D631 /* en */ = {isa = PBXFileReference; lastKnownFileType = text.plist.strings; name = en; path = en.lproj/Localizable.strings; sourceTree = "<group>"; };
		181C43AE25620AD50009D631 /* fr */ = {isa = PBXFileReference; lastKnownFileType = text.plist.strings; name = fr; path = fr.lproj/Localizable.strings; sourceTree = "<group>"; };
		181C43AF25620AD70009D631 /* de */ = {isa = PBXFileReference; lastKnownFileType = text.plist.strings; name = de; path = de.lproj/Localizable.strings; sourceTree = "<group>"; };
		181C43B025620ADE0009D631 /* it */ = {isa = PBXFileReference; lastKnownFileType = text.plist.strings; name = it; path = it.lproj/Localizable.strings; sourceTree = "<group>"; };
		181C43B125620AE00009D631 /* pt-PT */ = {isa = PBXFileReference; lastKnownFileType = text.plist.strings; name = "pt-PT"; path = "pt-PT.lproj/Localizable.strings"; sourceTree = "<group>"; };
		181C43B225620AE20009D631 /* es */ = {isa = PBXFileReference; lastKnownFileType = text.plist.strings; name = es; path = es.lproj/Localizable.strings; sourceTree = "<group>"; };
		181C43F0256211720009D631 /* UserDataViewModel.swift */ = {isa = PBXFileReference; lastKnownFileType = sourcecode.swift; path = UserDataViewModel.swift; sourceTree = "<group>"; };
		181C4412256216210009D631 /* language.json */ = {isa = PBXFileReference; fileEncoding = 4; lastKnownFileType = text.json; path = language.json; sourceTree = "<group>"; };
		181C443B2562272A0009D631 /* MenuView.swift */ = {isa = PBXFileReference; lastKnownFileType = sourcecode.swift; path = MenuView.swift; sourceTree = "<group>"; };
		181C4447256227F60009D631 /* MenuCellView.swift */ = {isa = PBXFileReference; lastKnownFileType = sourcecode.swift; path = MenuCellView.swift; sourceTree = "<group>"; };
		181C44692562285D0009D631 /* MenuItemModel.swift */ = {isa = PBXFileReference; lastKnownFileType = sourcecode.swift; path = MenuItemModel.swift; sourceTree = "<group>"; };
		181C446E256228B60009D631 /* MenuViewModel.swift */ = {isa = PBXFileReference; lastKnownFileType = sourcecode.swift; path = MenuViewModel.swift; sourceTree = "<group>"; };
		181C4483256231C80009D631 /* AppearanceSettingsView.swift */ = {isa = PBXFileReference; lastKnownFileType = sourcecode.swift; path = AppearanceSettingsView.swift; sourceTree = "<group>"; };
		181C4488256231FD0009D631 /* AppearanceSettingsViewModel.swift */ = {isa = PBXFileReference; lastKnownFileType = sourcecode.swift; path = AppearanceSettingsViewModel.swift; sourceTree = "<group>"; };
		181C4491256233030009D631 /* LanguageView.swift */ = {isa = PBXFileReference; lastKnownFileType = sourcecode.swift; path = LanguageView.swift; sourceTree = "<group>"; };
		181C449A256233430009D631 /* LanguageViewModel.swift */ = {isa = PBXFileReference; lastKnownFileType = sourcecode.swift; path = LanguageViewModel.swift; sourceTree = "<group>"; };
		181C449F256233720009D631 /* ThemeView.swift */ = {isa = PBXFileReference; lastKnownFileType = sourcecode.swift; path = ThemeView.swift; sourceTree = "<group>"; };
		181C44A8256233AA0009D631 /* ThemeViewModel.swift */ = {isa = PBXFileReference; lastKnownFileType = sourcecode.swift; path = ThemeViewModel.swift; sourceTree = "<group>"; };
		181C44AD256234900009D631 /* LanguageRepository.swift */ = {isa = PBXFileReference; lastKnownFileType = sourcecode.swift; path = LanguageRepository.swift; sourceTree = "<group>"; };
		181C44B2256237540009D631 /* SettingCellView.swift */ = {isa = PBXFileReference; lastKnownFileType = sourcecode.swift; path = SettingCellView.swift; sourceTree = "<group>"; };
		181C44B7256238C80009D631 /* LanguageCellView.swift */ = {isa = PBXFileReference; lastKnownFileType = sourcecode.swift; path = LanguageCellView.swift; sourceTree = "<group>"; };
		181C44C02562391E0009D631 /* CheckBoxUtility.swift */ = {isa = PBXFileReference; lastKnownFileType = sourcecode.swift; path = CheckBoxUtility.swift; sourceTree = "<group>"; };
		181C44EA2562428C0009D631 /* ContentViewModel.swift */ = {isa = PBXFileReference; lastKnownFileType = sourcecode.swift; path = ContentViewModel.swift; sourceTree = "<group>"; };
		181C45E1256251620009D631 /* RegisterUserResDTO.swift */ = {isa = PBXFileReference; lastKnownFileType = sourcecode.swift; path = RegisterUserResDTO.swift; sourceTree = "<group>"; };
		1844013D25605C7D000CABC5 /* Camera.storyboard */ = {isa = PBXFileReference; fileEncoding = 4; lastKnownFileType = file.storyboard; path = Camera.storyboard; sourceTree = "<group>"; };
		1844014225605CC2000CABC5 /* CameraController.swift */ = {isa = PBXFileReference; lastKnownFileType = sourcecode.swift; path = CameraController.swift; sourceTree = "<group>"; };
		1844014825605CF0000CABC5 /* CameraViewController.swift */ = {isa = PBXFileReference; lastKnownFileType = sourcecode.swift; path = CameraViewController.swift; sourceTree = "<group>"; };
		1844014D25605D16000CABC5 /* CameraView.swift */ = {isa = PBXFileReference; lastKnownFileType = sourcecode.swift; path = CameraView.swift; sourceTree = "<group>"; };
		1844017425605DD7000CABC5 /* DefaultsConfig.swift */ = {isa = PBXFileReference; lastKnownFileType = sourcecode.swift; path = DefaultsConfig.swift; sourceTree = "<group>"; };
		1844017925605ED8000CABC5 /* FrameUtility.swift */ = {isa = PBXFileReference; lastKnownFileType = sourcecode.swift; path = FrameUtility.swift; sourceTree = "<group>"; };
		1844017E25605F27000CABC5 /* Math.swift */ = {isa = PBXFileReference; lastKnownFileType = sourcecode.swift; path = Math.swift; sourceTree = "<group>"; };
		1844018325605F79000CABC5 /* PhotoPickerController.swift */ = {isa = PBXFileReference; lastKnownFileType = sourcecode.swift; path = PhotoPickerController.swift; sourceTree = "<group>"; };
		1844018C256060DD000CABC5 /* PhotoGridViewCell.swift */ = {isa = PBXFileReference; lastKnownFileType = sourcecode.swift; path = PhotoGridViewCell.swift; sourceTree = "<group>"; };
		1844019425606109000CABC5 /* GalleryViewController.swift */ = {isa = PBXFileReference; lastKnownFileType = sourcecode.swift; path = GalleryViewController.swift; sourceTree = "<group>"; };
		184401992560615B000CABC5 /* PhotoLibrary.swift */ = {isa = PBXFileReference; lastKnownFileType = sourcecode.swift; path = PhotoLibrary.swift; sourceTree = "<group>"; };
		1844019E2560617D000CABC5 /* GalleryView.swift */ = {isa = PBXFileReference; lastKnownFileType = sourcecode.swift; path = GalleryView.swift; sourceTree = "<group>"; };
		184401A3256061D2000CABC5 /* DirectionalPanGestureRecognizer.swift */ = {isa = PBXFileReference; lastKnownFileType = sourcecode.swift; path = DirectionalPanGestureRecognizer.swift; sourceTree = "<group>"; };
		184401A825606279000CABC5 /* UIButton+Events.swift */ = {isa = PBXFileReference; lastKnownFileType = sourcecode.swift; path = "UIButton+Events.swift"; sourceTree = "<group>"; };
		184401AD25606309000CABC5 /* CircleView.swift */ = {isa = PBXFileReference; lastKnownFileType = sourcecode.swift; path = CircleView.swift; sourceTree = "<group>"; };
		184401B625606362000CABC5 /* ViewExtension.swift */ = {isa = PBXFileReference; lastKnownFileType = sourcecode.swift; path = ViewExtension.swift; sourceTree = "<group>"; };
		184401BB2560639B000CABC5 /* FileSystem.swift */ = {isa = PBXFileReference; lastKnownFileType = sourcecode.swift; path = FileSystem.swift; sourceTree = "<group>"; };
		184401C0256063E3000CABC5 /* StringExtension.swift */ = {isa = PBXFileReference; lastKnownFileType = sourcecode.swift; path = StringExtension.swift; sourceTree = "<group>"; };
		184401D22560658F000CABC5 /* SegueConfig.swift */ = {isa = PBXFileReference; lastKnownFileType = sourcecode.swift; path = SegueConfig.swift; sourceTree = "<group>"; };
		184401E825607531000CABC5 /* ApplicationExtension.swift */ = {isa = PBXFileReference; lastKnownFileType = sourcecode.swift; path = ApplicationExtension.swift; sourceTree = "<group>"; };
		184401F32560860D000CABC5 /* InfoPlist.strings */ = {isa = PBXFileReference; fileEncoding = 4; lastKnownFileType = text.plist.strings; path = InfoPlist.strings; sourceTree = "<group>"; };
		1844020B25609FFF000CABC5 /* UserModel.swift */ = {isa = PBXFileReference; lastKnownFileType = sourcecode.swift; path = UserModel.swift; sourceTree = "<group>"; };
		1844021F2560A166000CABC5 /* MapView.swift */ = {isa = PBXFileReference; lastKnownFileType = sourcecode.swift; path = MapView.swift; sourceTree = "<group>"; };
		184402252560A18D000CABC5 /* LocationView.swift */ = {isa = PBXFileReference; lastKnownFileType = sourcecode.swift; path = LocationView.swift; sourceTree = "<group>"; };
		1844022A2560A1B4000CABC5 /* LocationViewModel.swift */ = {isa = PBXFileReference; lastKnownFileType = sourcecode.swift; path = LocationViewModel.swift; sourceTree = "<group>"; };
		1844024A2560A34C000CABC5 /* RegisterUserReqDTO.swift */ = {isa = PBXFileReference; lastKnownFileType = sourcecode.swift; path = RegisterUserReqDTO.swift; sourceTree = "<group>"; };
		184402562560A449000CABC5 /* ResDTO.swift */ = {isa = PBXFileReference; lastKnownFileType = sourcecode.swift; path = ResDTO.swift; sourceTree = "<group>"; };
		1844025B2560A46A000CABC5 /* ResultResDTO.swift */ = {isa = PBXFileReference; lastKnownFileType = sourcecode.swift; path = ResultResDTO.swift; sourceTree = "<group>"; };
		184402602560A48A000CABC5 /* ErrorDTO.swift */ = {isa = PBXFileReference; lastKnownFileType = sourcecode.swift; path = ErrorDTO.swift; sourceTree = "<group>"; };
		184402652560A4AE000CABC5 /* ManagerWS.swift */ = {isa = PBXFileReference; lastKnownFileType = sourcecode.swift; path = ManagerWS.swift; sourceTree = "<group>"; };
		1844026B2560A554000CABC5 /* UserWS.swift */ = {isa = PBXFileReference; lastKnownFileType = sourcecode.swift; path = UserWS.swift; sourceTree = "<group>"; };
		184402732560A5C6000CABC5 /* UserRepository.swift */ = {isa = PBXFileReference; lastKnownFileType = sourcecode.swift; path = UserRepository.swift; sourceTree = "<group>"; };
		184402D32560A6D4000CABC5 /* Constant.swift */ = {isa = PBXFileReference; lastKnownFileType = sourcecode.swift; path = Constant.swift; sourceTree = "<group>"; };
		184402F82560A788000CABC5 /* LocationModel.swift */ = {isa = PBXFileReference; lastKnownFileType = sourcecode.swift; path = LocationModel.swift; sourceTree = "<group>"; };
		184402FD2560A7FD000CABC5 /* ColorConfig.swift */ = {isa = PBXFileReference; lastKnownFileType = sourcecode.swift; path = ColorConfig.swift; sourceTree = "<group>"; };
		184403022560A858000CABC5 /* LocationCellView.swift */ = {isa = PBXFileReference; lastKnownFileType = sourcecode.swift; path = LocationCellView.swift; sourceTree = "<group>"; };
		184403072560A888000CABC5 /* TableViewConfig.swift */ = {isa = PBXFileReference; lastKnownFileType = sourcecode.swift; path = TableViewConfig.swift; sourceTree = "<group>"; };
		1844030C2560A8B2000CABC5 /* LoadingView.swift */ = {isa = PBXFileReference; lastKnownFileType = sourcecode.swift; path = LoadingView.swift; sourceTree = "<group>"; };
		184403112560A8E2000CABC5 /* WeakTimer.swift */ = {isa = PBXFileReference; lastKnownFileType = sourcecode.swift; path = WeakTimer.swift; sourceTree = "<group>"; };
		184403322560A9EE000CABC5 /* SearchBarView.swift */ = {isa = PBXFileReference; lastKnownFileType = sourcecode.swift; path = SearchBarView.swift; sourceTree = "<group>"; };
		184403372560AA22000CABC5 /* TextFieldUtility.swift */ = {isa = PBXFileReference; lastKnownFileType = sourcecode.swift; path = TextFieldUtility.swift; sourceTree = "<group>"; };
		1844033C2560AA8E000CABC5 /* ImageExtension.swift */ = {isa = PBXFileReference; lastKnownFileType = sourcecode.swift; path = ImageExtension.swift; sourceTree = "<group>"; };
		184403412560AAED000CABC5 /* LanguageConfig.swift */ = {isa = PBXFileReference; lastKnownFileType = sourcecode.swift; path = LanguageConfig.swift; sourceTree = "<group>"; };
		184403462560AB17000CABC5 /* LanguageModel.swift */ = {isa = PBXFileReference; lastKnownFileType = sourcecode.swift; path = LanguageModel.swift; sourceTree = "<group>"; };
		1844034B2560AB44000CABC5 /* BundleExtension.swift */ = {isa = PBXFileReference; lastKnownFileType = sourcecode.swift; path = BundleExtension.swift; sourceTree = "<group>"; };
		184403502560AB6B000CABC5 /* ErrorUtility.swift */ = {isa = PBXFileReference; lastKnownFileType = sourcecode.swift; path = ErrorUtility.swift; sourceTree = "<group>"; };
		184403B52560AF06000CABC5 /* ReqDTO.swift */ = {isa = PBXFileReference; lastKnownFileType = sourcecode.swift; path = ReqDTO.swift; sourceTree = "<group>"; };
		188DF449255F8A22000A729E /* TechnicalTestOlimpia.app */ = {isa = PBXFileReference; explicitFileType = wrapper.application; includeInIndex = 0; path = TechnicalTestOlimpia.app; sourceTree = BUILT_PRODUCTS_DIR; };
		188DF44C255F8A22000A729E /* TechnicalTestOlimpiaApp.swift */ = {isa = PBXFileReference; lastKnownFileType = sourcecode.swift; path = TechnicalTestOlimpiaApp.swift; sourceTree = "<group>"; };
		188DF44E255F8A22000A729E /* ContentView.swift */ = {isa = PBXFileReference; lastKnownFileType = sourcecode.swift; path = ContentView.swift; sourceTree = "<group>"; };
		188DF450255F8A25000A729E /* Assets.xcassets */ = {isa = PBXFileReference; lastKnownFileType = folder.assetcatalog; path = Assets.xcassets; sourceTree = "<group>"; };
		188DF453255F8A25000A729E /* Preview Assets.xcassets */ = {isa = PBXFileReference; lastKnownFileType = folder.assetcatalog; path = "Preview Assets.xcassets"; sourceTree = "<group>"; };
		188DF455255F8A25000A729E /* Info.plist */ = {isa = PBXFileReference; lastKnownFileType = text.plist.xml; path = Info.plist; sourceTree = "<group>"; };
		188DF45A255F8A25000A729E /* TechnicalTestOlimpiaTests.xctest */ = {isa = PBXFileReference; explicitFileType = wrapper.cfbundle; includeInIndex = 0; path = TechnicalTestOlimpiaTests.xctest; sourceTree = BUILT_PRODUCTS_DIR; };
		188DF45E255F8A25000A729E /* TechnicalTestOlimpiaTests.swift */ = {isa = PBXFileReference; lastKnownFileType = sourcecode.swift; path = TechnicalTestOlimpiaTests.swift; sourceTree = "<group>"; };
		188DF460255F8A25000A729E /* Info.plist */ = {isa = PBXFileReference; lastKnownFileType = text.plist.xml; path = Info.plist; sourceTree = "<group>"; };
		188DF465255F8A25000A729E /* TechnicalTestOlimpiaUITests.xctest */ = {isa = PBXFileReference; explicitFileType = wrapper.cfbundle; includeInIndex = 0; path = TechnicalTestOlimpiaUITests.xctest; sourceTree = BUILT_PRODUCTS_DIR; };
		188DF469255F8A25000A729E /* TechnicalTestOlimpiaUITests.swift */ = {isa = PBXFileReference; lastKnownFileType = sourcecode.swift; path = TechnicalTestOlimpiaUITests.swift; sourceTree = "<group>"; };
		188DF46B255F8A25000A729E /* Info.plist */ = {isa = PBXFileReference; lastKnownFileType = text.plist.xml; path = Info.plist; sourceTree = "<group>"; };
		188DF47C255F8E5B000A729E /* UserDataView.swift */ = {isa = PBXFileReference; lastKnownFileType = sourcecode.swift; path = UserDataView.swift; sourceTree = "<group>"; };
		188DF485255F8F68000A729E /* ColorExtension.swift */ = {isa = PBXFileReference; lastKnownFileType = sourcecode.swift; path = ColorExtension.swift; sourceTree = "<group>"; };
		188DF495255F9029000A729E /* DeviceExtension.swift */ = {isa = PBXFileReference; lastKnownFileType = sourcecode.swift; path = DeviceExtension.swift; sourceTree = "<group>"; };
		188DF49E255F90A7000A729E /* NavigationBarModifier.swift */ = {isa = PBXFileReference; lastKnownFileType = sourcecode.swift; path = NavigationBarModifier.swift; sourceTree = "<group>"; };
		188DF4A4255F90EA000A729E /* FontsModifiers.swift */ = {isa = PBXFileReference; lastKnownFileType = sourcecode.swift; path = FontsModifiers.swift; sourceTree = "<group>"; };
		188DF4AC255F9108000A729E /* CornerRadiusStyle.swift */ = {isa = PBXFileReference; lastKnownFileType = sourcecode.swift; path = CornerRadiusStyle.swift; sourceTree = "<group>"; };
		188DF4B1255F926D000A729E /* Roboto-Light.ttf */ = {isa = PBXFileReference; lastKnownFileType = file; path = "Roboto-Light.ttf"; sourceTree = "<group>"; };
		188DF4B2255F926D000A729E /* Roboto-Medium.ttf */ = {isa = PBXFileReference; lastKnownFileType = file; path = "Roboto-Medium.ttf"; sourceTree = "<group>"; };
		188DF4B3255F926E000A729E /* Roboto-Regular.ttf */ = {isa = PBXFileReference; lastKnownFileType = file; path = "Roboto-Regular.ttf"; sourceTree = "<group>"; };
		188DF4B4255F926E000A729E /* Roboto-Italic.ttf */ = {isa = PBXFileReference; lastKnownFileType = file; path = "Roboto-Italic.ttf"; sourceTree = "<group>"; };
		188DF4B5255F926E000A729E /* Roboto-BoldItalic.ttf */ = {isa = PBXFileReference; lastKnownFileType = file; path = "Roboto-BoldItalic.ttf"; sourceTree = "<group>"; };
		188DF4B6255F926E000A729E /* Roboto-Bold.ttf */ = {isa = PBXFileReference; lastKnownFileType = file; path = "Roboto-Bold.ttf"; sourceTree = "<group>"; };
		188DF4C5255F9316000A729E /* FontUtility.swift */ = {isa = PBXFileReference; lastKnownFileType = sourcecode.swift; path = FontUtility.swift; sourceTree = "<group>"; };
		188DF4DF255F9879000A729E /* TextFieldStyle.swift */ = {isa = PBXFileReference; lastKnownFileType = sourcecode.swift; path = TextFieldStyle.swift; sourceTree = "<group>"; };
		188DF4E7255F9D7B000A729E /* Buttons.swift */ = {isa = PBXFileReference; lastKnownFileType = sourcecode.swift; path = Buttons.swift; sourceTree = "<group>"; };
		188DF4F9255FA05E000A729E /* FontConfig.swift */ = {isa = PBXFileReference; lastKnownFileType = sourcecode.swift; path = FontConfig.swift; sourceTree = "<group>"; };
		18C9CCD22560B0E5005049F2 /* JsonCodable.swift */ = {isa = PBXFileReference; lastKnownFileType = sourcecode.swift; path = JsonCodable.swift; sourceTree = "<group>"; };
		1C017A812F9B053579E66783 /* Pods-TechnicalTestOlimpiaTests.release.xcconfig */ = {isa = PBXFileReference; includeInIndex = 1; lastKnownFileType = text.xcconfig; name = "Pods-TechnicalTestOlimpiaTests.release.xcconfig"; path = "Target Support Files/Pods-TechnicalTestOlimpiaTests/Pods-TechnicalTestOlimpiaTests.release.xcconfig"; sourceTree = "<group>"; };
		506F11F158851D5A87CC716F /* Pods-TechnicalTestOlimpia.release.xcconfig */ = {isa = PBXFileReference; includeInIndex = 1; lastKnownFileType = text.xcconfig; name = "Pods-TechnicalTestOlimpia.release.xcconfig"; path = "Target Support Files/Pods-TechnicalTestOlimpia/Pods-TechnicalTestOlimpia.release.xcconfig"; sourceTree = "<group>"; };
		576BB9596F2D1705CCF95027 /* Pods_TechnicalTestOlimpiaTests.framework */ = {isa = PBXFileReference; explicitFileType = wrapper.framework; includeInIndex = 0; path = Pods_TechnicalTestOlimpiaTests.framework; sourceTree = BUILT_PRODUCTS_DIR; };
		B681C7BD121613755DAFB139 /* Pods-TechnicalTestOlimpia.debug.xcconfig */ = {isa = PBXFileReference; includeInIndex = 1; lastKnownFileType = text.xcconfig; name = "Pods-TechnicalTestOlimpia.debug.xcconfig"; path = "Target Support Files/Pods-TechnicalTestOlimpia/Pods-TechnicalTestOlimpia.debug.xcconfig"; sourceTree = "<group>"; };
		FAF5A25AFDF427EC74C940D8 /* Pods-TechnicalTestOlimpia-TechnicalTestOlimpiaUITests.release.xcconfig */ = {isa = PBXFileReference; includeInIndex = 1; lastKnownFileType = text.xcconfig; name = "Pods-TechnicalTestOlimpia-TechnicalTestOlimpiaUITests.release.xcconfig"; path = "Target Support Files/Pods-TechnicalTestOlimpia-TechnicalTestOlimpiaUITests/Pods-TechnicalTestOlimpia-TechnicalTestOlimpiaUITests.release.xcconfig"; sourceTree = "<group>"; };
		FB959752860CA8D56C406C2B /* Pods-TechnicalTestOlimpia-TechnicalTestOlimpiaUITests.debug.xcconfig */ = {isa = PBXFileReference; includeInIndex = 1; lastKnownFileType = text.xcconfig; name = "Pods-TechnicalTestOlimpia-TechnicalTestOlimpiaUITests.debug.xcconfig"; path = "Target Support Files/Pods-TechnicalTestOlimpia-TechnicalTestOlimpiaUITests/Pods-TechnicalTestOlimpia-TechnicalTestOlimpiaUITests.debug.xcconfig"; sourceTree = "<group>"; };
		FF6EA60F574E939CA741639E /* Pods-TechnicalTestOlimpiaTests.debug.xcconfig */ = {isa = PBXFileReference; includeInIndex = 1; lastKnownFileType = text.xcconfig; name = "Pods-TechnicalTestOlimpiaTests.debug.xcconfig"; path = "Target Support Files/Pods-TechnicalTestOlimpiaTests/Pods-TechnicalTestOlimpiaTests.debug.xcconfig"; sourceTree = "<group>"; };
/* End PBXFileReference section */

/* Begin PBXFrameworksBuildPhase section */
		188DF446255F8A22000A729E /* Frameworks */ = {
			isa = PBXFrameworksBuildPhase;
			buildActionMask = 2147483647;
			files = (
				181C4443256227D30009D631 /* SDWebImageSwiftUI in Frameworks */,
				2026ECA14D8DA5D44F18B1A2 /* Pods_TechnicalTestOlimpia.framework in Frameworks */,
			);
			runOnlyForDeploymentPostprocessing = 0;
		};
		188DF457255F8A25000A729E /* Frameworks */ = {
			isa = PBXFrameworksBuildPhase;
			buildActionMask = 2147483647;
			files = (
				44193F3BED0FDA52F5B68D59 /* Pods_TechnicalTestOlimpiaTests.framework in Frameworks */,
			);
			runOnlyForDeploymentPostprocessing = 0;
		};
		188DF462255F8A25000A729E /* Frameworks */ = {
			isa = PBXFrameworksBuildPhase;
			buildActionMask = 2147483647;
			files = (
			);
			runOnlyForDeploymentPostprocessing = 0;
		};
/* End PBXFrameworksBuildPhase section */

/* Begin PBXGroup section */
		181C441A256216390009D631 /* language */ = {
			isa = PBXGroup;
			children = (
				181C4412256216210009D631 /* language.json */,
			);
			path = language;
			sourceTree = "<group>";
		};
		181C44402562273F0009D631 /* menu */ = {
			isa = PBXGroup;
			children = (
				181C45B2256250400009D631 /* cell */,
				181C443B2562272A0009D631 /* MenuView.swift */,
				181C446E256228B60009D631 /* MenuViewModel.swift */,
			);
			name = menu;
			sourceTree = "<group>";
		};
		181C448D256232100009D631 /* appearancesettings */ = {
			isa = PBXGroup;
			children = (
				181C45B3256250630009D631 /* cell */,
				181C44A4256233760009D631 /* theme */,
				181C4483256231C80009D631 /* AppearanceSettingsView.swift */,
				181C4488256231FD0009D631 /* AppearanceSettingsViewModel.swift */,
			);
			name = appearancesettings;
			sourceTree = "<group>";
		};
		181C4496256233090009D631 /* language */ = {
			isa = PBXGroup;
			children = (
				181C44BC256238CF0009D631 /* cell */,
				181C4491256233030009D631 /* LanguageView.swift */,
				181C449A256233430009D631 /* LanguageViewModel.swift */,
			);
			name = language;
			sourceTree = "<group>";
		};
		181C44A4256233760009D631 /* theme */ = {
			isa = PBXGroup;
			children = (
				181C449F256233720009D631 /* ThemeView.swift */,
				181C44A8256233AA0009D631 /* ThemeViewModel.swift */,
			);
			name = theme;
			sourceTree = "<group>";
		};
		181C44BC256238CF0009D631 /* cell */ = {
			isa = PBXGroup;
			children = (
				181C44B7256238C80009D631 /* LanguageCellView.swift */,
			);
			name = cell;
			sourceTree = "<group>";
		};
		181C450C25624B440009D631 /* frame */ = {
			isa = PBXGroup;
			children = (
				1844017925605ED8000CABC5 /* FrameUtility.swift */,
			);
			path = frame;
			sourceTree = "<group>";
		};
		181C451025624B4C0009D631 /* math */ = {
			isa = PBXGroup;
			children = (
				1844017E25605F27000CABC5 /* Math.swift */,
			);
			path = math;
			sourceTree = "<group>";
		};
		181C451425624B590009D631 /* button */ = {
			isa = PBXGroup;
			children = (
				184401A825606279000CABC5 /* UIButton+Events.swift */,
			);
			path = button;
			sourceTree = "<group>";
		};
		181C451B25624B610009D631 /* view */ = {
			isa = PBXGroup;
			children = (
				184401B625606362000CABC5 /* ViewExtension.swift */,
			);
			path = view;
			sourceTree = "<group>";
		};
		181C452225624B6B0009D631 /* string */ = {
			isa = PBXGroup;
			children = (
				184401C0256063E3000CABC5 /* StringExtension.swift */,
			);
			path = string;
			sourceTree = "<group>";
		};
		181C452C25624B740009D631 /* application */ = {
			isa = PBXGroup;
			children = (
				184401E825607531000CABC5 /* ApplicationExtension.swift */,
			);
			path = application;
			sourceTree = "<group>";
		};
		181C453325624B7E0009D631 /* image */ = {
			isa = PBXGroup;
			children = (
				1844033C2560AA8E000CABC5 /* ImageExtension.swift */,
			);
			path = image;
			sourceTree = "<group>";
		};
		181C453725624B850009D631 /* bundle */ = {
			isa = PBXGroup;
			children = (
				1844034B2560AB44000CABC5 /* BundleExtension.swift */,
			);
			path = bundle;
			sourceTree = "<group>";
		};
		181C454125624B930009D631 /* json */ = {
			isa = PBXGroup;
			children = (
				18C9CCD22560B0E5005049F2 /* JsonCodable.swift */,
			);
			path = json;
			sourceTree = "<group>";
		};
		181C458225624E9E0009D631 /* font */ = {
			isa = PBXGroup;
			children = (
				188DF4C5255F9316000A729E /* FontUtility.swift */,
			);
			path = font;
			sourceTree = "<group>";
		};
		181C458625624EAC0009D631 /* file */ = {
			isa = PBXGroup;
			children = (
				184401BB2560639B000CABC5 /* FileSystem.swift */,
			);
			path = file;
			sourceTree = "<group>";
		};
		181C458725624EB70009D631 /* loading */ = {
			isa = PBXGroup;
			children = (
				1844030C2560A8B2000CABC5 /* LoadingView.swift */,
			);
			path = loading;
			sourceTree = "<group>";
		};
		181C458B25624EC10009D631 /* timer */ = {
			isa = PBXGroup;
			children = (
				184403112560A8E2000CABC5 /* WeakTimer.swift */,
			);
			path = timer;
			sourceTree = "<group>";
		};
		181C458F25624ED40009D631 /* search */ = {
			isa = PBXGroup;
			children = (
				184403322560A9EE000CABC5 /* SearchBarView.swift */,
			);
			path = search;
			sourceTree = "<group>";
		};
		181C459025624EDD0009D631 /* textfield */ = {
			isa = PBXGroup;
			children = (
				184403372560AA22000CABC5 /* TextFieldUtility.swift */,
			);
			path = textfield;
			sourceTree = "<group>";
		};
		181C459425624EEC0009D631 /* error */ = {
			isa = PBXGroup;
			children = (
				184403502560AB6B000CABC5 /* ErrorUtility.swift */,
			);
			path = error;
			sourceTree = "<group>";
		};
		181C459525624EF30009D631 /* chekbox */ = {
			isa = PBXGroup;
			children = (
				181C44C02562391E0009D631 /* CheckBoxUtility.swift */,
			);
			path = chekbox;
			sourceTree = "<group>";
		};
		181C459625624F080009D631 /* font */ = {
			isa = PBXGroup;
			children = (
				188DF4F9255FA05E000A729E /* FontConfig.swift */,
			);
			path = font;
			sourceTree = "<group>";
		};
		181C459725624F120009D631 /* defaults */ = {
			isa = PBXGroup;
			children = (
				1844017425605DD7000CABC5 /* DefaultsConfig.swift */,
			);
			path = defaults;
			sourceTree = "<group>";
		};
		181C459B25624F2A0009D631 /* segue */ = {
			isa = PBXGroup;
			children = (
				184401D22560658F000CABC5 /* SegueConfig.swift */,
			);
			path = segue;
			sourceTree = "<group>";
		};
		181C459C25624F310009D631 /* color */ = {
			isa = PBXGroup;
			children = (
				184402FD2560A7FD000CABC5 /* ColorConfig.swift */,
			);
			path = color;
			sourceTree = "<group>";
		};
		181C459D25624F390009D631 /* table */ = {
			isa = PBXGroup;
			children = (
				184403072560A888000CABC5 /* TableViewConfig.swift */,
			);
			path = table;
			sourceTree = "<group>";
		};
		181C459E25624F420009D631 /* language */ = {
			isa = PBXGroup;
			children = (
				184403412560AAED000CABC5 /* LanguageConfig.swift */,
			);
			path = language;
			sourceTree = "<group>";
		};
		181C45A225624F4C0009D631 /* localized */ = {
			isa = PBXGroup;
			children = (
				181C43AA25620AD10009D631 /* Localizable.strings */,
			);
			path = localized;
			sourceTree = "<group>";
		};
		181C45A625624F700009D631 /* buttons */ = {
			isa = PBXGroup;
			children = (
				188DF4E7255F9D7B000A729E /* Buttons.swift */,
			);
			name = buttons;
			sourceTree = "<group>";
		};
		181C45A725624F860009D631 /* view */ = {
			isa = PBXGroup;
			children = (
				1844013D25605C7D000CABC5 /* Camera.storyboard */,
			);
			name = view;
			sourceTree = "<group>";
		};
		181C45A825624F920009D631 /* controller */ = {
			isa = PBXGroup;
			children = (
				1844014225605CC2000CABC5 /* CameraController.swift */,
				1844014825605CF0000CABC5 /* CameraViewController.swift */,
			);
			name = controller;
			sourceTree = "<group>";
		};
		181C45A925624F9F0009D631 /* cell */ = {
			isa = PBXGroup;
			children = (
				1844018C256060DD000CABC5 /* PhotoGridViewCell.swift */,
			);
			name = cell;
			sourceTree = "<group>";
		};
		181C45AA25624FB00009D631 /* controller */ = {
			isa = PBXGroup;
			children = (
				1844018325605F79000CABC5 /* PhotoPickerController.swift */,
				1844019425606109000CABC5 /* GalleryViewController.swift */,
			);
			name = controller;
			sourceTree = "<group>";
		};
		181C45AB25624FB80009D631 /* photolibrary */ = {
			isa = PBXGroup;
			children = (
				184401992560615B000CABC5 /* PhotoLibrary.swift */,
			);
			name = photolibrary;
			sourceTree = "<group>";
		};
		181C45AC25624FCA0009D631 /* navigation */ = {
			isa = PBXGroup;
			children = (
				188DF49E255F90A7000A729E /* NavigationBarModifier.swift */,
			);
			name = navigation;
			sourceTree = "<group>";
		};
		181C45AD25624FD20009D631 /* fonts */ = {
			isa = PBXGroup;
			children = (
				188DF4A4255F90EA000A729E /* FontsModifiers.swift */,
			);
			name = fonts;
			sourceTree = "<group>";
		};
		181C45AE25624FD90009D631 /* cornerradius */ = {
			isa = PBXGroup;
			children = (
				188DF4AC255F9108000A729E /* CornerRadiusStyle.swift */,
			);
			name = cornerradius;
			sourceTree = "<group>";
		};
		181C45AF25624FE30009D631 /* textfield */ = {
			isa = PBXGroup;
			children = (
				188DF4DF255F9879000A729E /* TextFieldStyle.swift */,
			);
			name = textfield;
			sourceTree = "<group>";
		};
		181C45B0256250130009D631 /* location */ = {
			isa = PBXGroup;
			children = (
				181C45B1256250310009D631 /* cell */,
				184402242560A181000CABC5 /* map */,
				184402252560A18D000CABC5 /* LocationView.swift */,
				1844022A2560A1B4000CABC5 /* LocationViewModel.swift */,
			);
			name = location;
			sourceTree = "<group>";
		};
		181C45B1256250310009D631 /* cell */ = {
			isa = PBXGroup;
			children = (
				184403022560A858000CABC5 /* LocationCellView.swift */,
			);
			name = cell;
			sourceTree = "<group>";
		};
		181C45B2256250400009D631 /* cell */ = {
			isa = PBXGroup;
			children = (
				181C4447256227F60009D631 /* MenuCellView.swift */,
			);
			name = cell;
			sourceTree = "<group>";
		};
		181C45B3256250630009D631 /* cell */ = {
			isa = PBXGroup;
			children = (
				181C44B2256237540009D631 /* SettingCellView.swift */,
			);
			name = cell;
			sourceTree = "<group>";
		};
		181C45B4256250790009D631 /* user */ = {
			isa = PBXGroup;
			children = (
				1844020B25609FFF000CABC5 /* UserModel.swift */,
			);
			path = user;
			sourceTree = "<group>";
		};
		181C45B8256250800009D631 /* location */ = {
			isa = PBXGroup;
			children = (
				184402F82560A788000CABC5 /* LocationModel.swift */,
			);
			path = location;
			sourceTree = "<group>";
		};
		181C45BC256250880009D631 /* language */ = {
			isa = PBXGroup;
			children = (
				184403462560AB17000CABC5 /* LanguageModel.swift */,
			);
			path = language;
			sourceTree = "<group>";
		};
		181C45C02562508E0009D631 /* menuitem */ = {
			isa = PBXGroup;
			children = (
				181C44692562285D0009D631 /* MenuItemModel.swift */,
			);
			path = menuitem;
			sourceTree = "<group>";
		};
		181C45CA256250A20009D631 /* user */ = {
			isa = PBXGroup;
			children = (
				184402732560A5C6000CABC5 /* UserRepository.swift */,
			);
			path = user;
			sourceTree = "<group>";
		};
		181C45CE256250AA0009D631 /* language */ = {
			isa = PBXGroup;
			children = (
				181C44AD256234900009D631 /* LanguageRepository.swift */,
			);
			path = language;
			sourceTree = "<group>";
		};
		181C45D5256250BB0009D631 /* manager */ = {
			isa = PBXGroup;
			children = (
				184402652560A4AE000CABC5 /* ManagerWS.swift */,
			);
			path = manager;
			sourceTree = "<group>";
		};
		181C45D9256250C30009D631 /* user */ = {
			isa = PBXGroup;
			children = (
				1844026B2560A554000CABC5 /* UserWS.swift */,
			);
			path = user;
			sourceTree = "<group>";
		};
		181C45E0256250D40009D631 /* response */ = {
			isa = PBXGroup;
			children = (
				181C460A256252090009D631 /* res */,
				181C460E256252110009D631 /* result */,
				181C4612256252190009D631 /* registeruser */,
			);
			path = response;
			sourceTree = "<group>";
		};
		181C4606256251FE0009D631 /* request */ = {
			isa = PBXGroup;
			children = (
				181C462A256252450009D631 /* req */,
				181C46232562523C0009D631 /* error */,
				181C461C2562522E0009D631 /* registeruser */,
			);
			path = request;
			sourceTree = "<group>";
		};
		181C460A256252090009D631 /* res */ = {
			isa = PBXGroup;
			children = (
				184402562560A449000CABC5 /* ResDTO.swift */,
			);
			path = res;
			sourceTree = "<group>";
		};
		181C460E256252110009D631 /* result */ = {
			isa = PBXGroup;
			children = (
				1844025B2560A46A000CABC5 /* ResultResDTO.swift */,
			);
			path = result;
			sourceTree = "<group>";
		};
		181C4612256252190009D631 /* registeruser */ = {
			isa = PBXGroup;
			children = (
				181C45E1256251620009D631 /* RegisterUserResDTO.swift */,
			);
			path = registeruser;
			sourceTree = "<group>";
		};
		181C461C2562522E0009D631 /* registeruser */ = {
			isa = PBXGroup;
			children = (
				1844024A2560A34C000CABC5 /* RegisterUserReqDTO.swift */,
			);
			path = registeruser;
			sourceTree = "<group>";
		};
		181C46232562523C0009D631 /* error */ = {
			isa = PBXGroup;
			children = (
				184402602560A48A000CABC5 /* ErrorDTO.swift */,
			);
			path = error;
			sourceTree = "<group>";
		};
		181C462A256252450009D631 /* req */ = {
			isa = PBXGroup;
			children = (
				184403B52560AF06000CABC5 /* ReqDTO.swift */,
			);
			path = req;
			sourceTree = "<group>";
		};
		1844014725605CDC000CABC5 /* camera */ = {
			isa = PBXGroup;
			children = (
				181C45A725624F860009D631 /* view */,
				181C45A825624F920009D631 /* controller */,
				1844014D25605D16000CABC5 /* CameraView.swift */,
			);
			name = camera;
			sourceTree = "<group>";
		};
		1844018B25605F95000CABC5 /* gallery */ = {
			isa = PBXGroup;
			children = (
				181C45A925624F9F0009D631 /* cell */,
				181C45AA25624FB00009D631 /* controller */,
				181C45AB25624FB80009D631 /* photolibrary */,
				1844019E2560617D000CABC5 /* GalleryView.swift */,
			);
			name = gallery;
			sourceTree = "<group>";
		};
		184401B22560630D000CABC5 /* view */ = {
			isa = PBXGroup;
			children = (
				184401A3256061D2000CABC5 /* DirectionalPanGestureRecognizer.swift */,
				184401AD25606309000CABC5 /* CircleView.swift */,
			);
			path = view;
			sourceTree = "<group>";
		};
		184402132560A00A000CABC5 /* model */ = {
			isa = PBXGroup;
			children = (
				181C45B4256250790009D631 /* user */,
				181C45B8256250800009D631 /* location */,
				181C45BC256250880009D631 /* language */,
				181C45C02562508E0009D631 /* menuitem */,
			);
			path = model;
			sourceTree = "<group>";
		};
		184402242560A181000CABC5 /* map */ = {
			isa = PBXGroup;
			children = (
				1844021F2560A166000CABC5 /* MapView.swift */,
			);
			name = map;
			sourceTree = "<group>";
		};
		1844024F2560A364000CABC5 /* dto */ = {
			isa = PBXGroup;
			children = (
				181C45E0256250D40009D631 /* response */,
				181C4606256251FE0009D631 /* request */,
			);
			path = dto;
			sourceTree = "<group>";
		};
		1844026A2560A4C2000CABC5 /* ws */ = {
			isa = PBXGroup;
			children = (
				181C45D5256250BB0009D631 /* manager */,
				181C45D9256250C30009D631 /* user */,
			);
			path = ws;
			sourceTree = "<group>";
		};
		184402782560A5DD000CABC5 /* repository */ = {
			isa = PBXGroup;
			children = (
				181C45CA256250A20009D631 /* user */,
				181C45CE256250AA0009D631 /* language */,
			);
			path = repository;
			sourceTree = "<group>";
		};
		184402D82560A6E8000CABC5 /* constant */ = {
			isa = PBXGroup;
			children = (
				184402D32560A6D4000CABC5 /* Constant.swift */,
			);
			path = constant;
			sourceTree = "<group>";
		};
		188DF440255F8A22000A729E = {
			isa = PBXGroup;
			children = (
				188DF44B255F8A22000A729E /* TechnicalTestOlimpia */,
				188DF45D255F8A25000A729E /* TechnicalTestOlimpiaTests */,
				188DF468255F8A25000A729E /* TechnicalTestOlimpiaUITests */,
				188DF44A255F8A22000A729E /* Products */,
				98763A3CCAD1EFA68910A1C8 /* Pods */,
				228C497FAB525340829F769A /* Frameworks */,
			);
			sourceTree = "<group>";
		};
		188DF44A255F8A22000A729E /* Products */ = {
			isa = PBXGroup;
			children = (
				188DF449255F8A22000A729E /* TechnicalTestOlimpia.app */,
				188DF45A255F8A25000A729E /* TechnicalTestOlimpiaTests.xctest */,
				188DF465255F8A25000A729E /* TechnicalTestOlimpiaUITests.xctest */,
			);
			name = Products;
			sourceTree = "<group>";
		};
		188DF44B255F8A22000A729E /* TechnicalTestOlimpia */ = {
			isa = PBXGroup;
			children = (
				184402D82560A6E8000CABC5 /* constant */,
				188DF48D255F8FF7000A729E /* extension */,
				188DF4CA255F932E000A729E /* utility */,
				188DF4FE255FA070000A729E /* config */,
				188DF47A255F8D0D000A729E /* ui */,
				184402132560A00A000CABC5 /* model */,
				184402782560A5DD000CABC5 /* repository */,
				1844026A2560A4C2000CABC5 /* ws */,
				1844024F2560A364000CABC5 /* dto */,
				188DF4C0255F9285000A729E /* supporting files */,
				188DF44C255F8A22000A729E /* TechnicalTestOlimpiaApp.swift */,
				188DF450255F8A25000A729E /* Assets.xcassets */,
				188DF455255F8A25000A729E /* Info.plist */,
				184401F32560860D000CABC5 /* InfoPlist.strings */,
				188DF452255F8A25000A729E /* Preview Content */,
			);
			path = TechnicalTestOlimpia;
			sourceTree = "<group>";
		};
		188DF452255F8A25000A729E /* Preview Content */ = {
			isa = PBXGroup;
			children = (
				188DF453255F8A25000A729E /* Preview Assets.xcassets */,
			);
			path = "Preview Content";
			sourceTree = "<group>";
		};
		188DF45D255F8A25000A729E /* TechnicalTestOlimpiaTests */ = {
			isa = PBXGroup;
			children = (
				188DF45E255F8A25000A729E /* TechnicalTestOlimpiaTests.swift */,
				188DF460255F8A25000A729E /* Info.plist */,
			);
			path = TechnicalTestOlimpiaTests;
			sourceTree = "<group>";
		};
		188DF468255F8A25000A729E /* TechnicalTestOlimpiaUITests */ = {
			isa = PBXGroup;
			children = (
				188DF469255F8A25000A729E /* TechnicalTestOlimpiaUITests.swift */,
				188DF46B255F8A25000A729E /* Info.plist */,
			);
			path = TechnicalTestOlimpiaUITests;
			sourceTree = "<group>";
		};
		188DF47A255F8D0D000A729E /* ui */ = {
			isa = PBXGroup;
			children = (
				188DF4DB255F9777000A729E /* components */,
				188DF4A3255F90CA000A729E /* modifiers */,
				188DF47B255F8D1D000A729E /* content */,
				188DF481255F8E63000A729E /* userdata */,
				181C45B0256250130009D631 /* location */,
				181C44402562273F0009D631 /* menu */,
				181C448D256232100009D631 /* appearancesettings */,
				181C4496256233090009D631 /* language */,
			);
			name = ui;
			sourceTree = "<group>";
		};
		188DF47B255F8D1D000A729E /* content */ = {
			isa = PBXGroup;
			children = (
				188DF44E255F8A22000A729E /* ContentView.swift */,
				181C44EA2562428C0009D631 /* ContentViewModel.swift */,
			);
			name = content;
			sourceTree = "<group>";
		};
		188DF481255F8E63000A729E /* userdata */ = {
			isa = PBXGroup;
			children = (
				188DF47C255F8E5B000A729E /* UserDataView.swift */,
				181C43F0256211720009D631 /* UserDataViewModel.swift */,
			);
			name = userdata;
			sourceTree = "<group>";
		};
		188DF48D255F8FF7000A729E /* extension */ = {
			isa = PBXGroup;
			children = (
				188DF491255F900D000A729E /* color */,
				188DF49A255F903B000A729E /* device */,
				181C450C25624B440009D631 /* frame */,
				181C451025624B4C0009D631 /* math */,
				181C451425624B590009D631 /* button */,
				181C451B25624B610009D631 /* view */,
				181C452225624B6B0009D631 /* string */,
				181C452C25624B740009D631 /* application */,
				181C453325624B7E0009D631 /* image */,
				181C453725624B850009D631 /* bundle */,
				181C454125624B930009D631 /* json */,
			);
			path = extension;
			sourceTree = "<group>";
		};
		188DF491255F900D000A729E /* color */ = {
			isa = PBXGroup;
			children = (
				188DF485255F8F68000A729E /* ColorExtension.swift */,
			);
			path = color;
			sourceTree = "<group>";
		};
		188DF49A255F903B000A729E /* device */ = {
			isa = PBXGroup;
			children = (
				188DF495255F9029000A729E /* DeviceExtension.swift */,
			);
			path = device;
			sourceTree = "<group>";
		};
		188DF4A3255F90CA000A729E /* modifiers */ = {
			isa = PBXGroup;
			children = (
				181C45AC25624FCA0009D631 /* navigation */,
				181C45AD25624FD20009D631 /* fonts */,
				181C45AE25624FD90009D631 /* cornerradius */,
				181C45AF25624FE30009D631 /* textfield */,
			);
			name = modifiers;
			sourceTree = "<group>";
		};
		188DF4C0255F9285000A729E /* supporting files */ = {
			isa = PBXGroup;
			children = (
				181C441A256216390009D631 /* language */,
				188DF4C1255F9290000A729E /* font */,
			);
			path = "supporting files";
			sourceTree = "<group>";
		};
		188DF4C1255F9290000A729E /* font */ = {
			isa = PBXGroup;
			children = (
				188DF4B6255F926E000A729E /* Roboto-Bold.ttf */,
				188DF4B5255F926E000A729E /* Roboto-BoldItalic.ttf */,
				188DF4B4255F926E000A729E /* Roboto-Italic.ttf */,
				188DF4B1255F926D000A729E /* Roboto-Light.ttf */,
				188DF4B2255F926D000A729E /* Roboto-Medium.ttf */,
				188DF4B3255F926E000A729E /* Roboto-Regular.ttf */,
			);
			path = font;
			sourceTree = "<group>";
		};
		188DF4CA255F932E000A729E /* utility */ = {
			isa = PBXGroup;
			children = (
				181C458225624E9E0009D631 /* font */,
				184401B22560630D000CABC5 /* view */,
				181C458625624EAC0009D631 /* file */,
				181C458725624EB70009D631 /* loading */,
				181C458B25624EC10009D631 /* timer */,
				181C458F25624ED40009D631 /* search */,
				181C459025624EDD0009D631 /* textfield */,
				181C459425624EEC0009D631 /* error */,
				181C459525624EF30009D631 /* chekbox */,
			);
			path = utility;
			sourceTree = "<group>";
		};
		188DF4DB255F9777000A729E /* components */ = {
			isa = PBXGroup;
			children = (
				181C45A625624F700009D631 /* buttons */,
				1844014725605CDC000CABC5 /* camera */,
				1844018B25605F95000CABC5 /* gallery */,
			);
			name = components;
			sourceTree = "<group>";
		};
		188DF4FE255FA070000A729E /* config */ = {
			isa = PBXGroup;
			children = (
				181C459625624F080009D631 /* font */,
				181C459725624F120009D631 /* defaults */,
				181C459B25624F2A0009D631 /* segue */,
				181C459C25624F310009D631 /* color */,
				181C459D25624F390009D631 /* table */,
				181C459E25624F420009D631 /* language */,
				181C45A225624F4C0009D631 /* localized */,
			);
			path = config;
			sourceTree = "<group>";
		};
		228C497FAB525340829F769A /* Frameworks */ = {
			isa = PBXGroup;
			children = (
				104D932BBF7803A0EC55A568 /* Pods_TechnicalTestOlimpia.framework */,
				576BB9596F2D1705CCF95027 /* Pods_TechnicalTestOlimpiaTests.framework */,
			);
			name = Frameworks;
			sourceTree = "<group>";
		};
		98763A3CCAD1EFA68910A1C8 /* Pods */ = {
			isa = PBXGroup;
			children = (
				B681C7BD121613755DAFB139 /* Pods-TechnicalTestOlimpia.debug.xcconfig */,
				506F11F158851D5A87CC716F /* Pods-TechnicalTestOlimpia.release.xcconfig */,
				FB959752860CA8D56C406C2B /* Pods-TechnicalTestOlimpia-TechnicalTestOlimpiaUITests.debug.xcconfig */,
				FAF5A25AFDF427EC74C940D8 /* Pods-TechnicalTestOlimpia-TechnicalTestOlimpiaUITests.release.xcconfig */,
				FF6EA60F574E939CA741639E /* Pods-TechnicalTestOlimpiaTests.debug.xcconfig */,
				1C017A812F9B053579E66783 /* Pods-TechnicalTestOlimpiaTests.release.xcconfig */,
			);
			path = Pods;
			sourceTree = "<group>";
		};
/* End PBXGroup section */

/* Begin PBXNativeTarget section */
		188DF448255F8A22000A729E /* TechnicalTestOlimpia */ = {
			isa = PBXNativeTarget;
			buildConfigurationList = 188DF46E255F8A25000A729E /* Build configuration list for PBXNativeTarget "TechnicalTestOlimpia" */;
			buildPhases = (
				931DF1642267D253199E1AA9 /* [CP] Check Pods Manifest.lock */,
				188DF445255F8A22000A729E /* Sources */,
				188DF446255F8A22000A729E /* Frameworks */,
				188DF447255F8A22000A729E /* Resources */,
				843A4E4EA8D7D09868577959 /* [CP] Embed Pods Frameworks */,
				DDBCDA6382569C19F095B70F /* [CP] Copy Pods Resources */,
			);
			buildRules = (
			);
			dependencies = (
			);
			name = TechnicalTestOlimpia;
			packageProductDependencies = (
				181C4442256227D30009D631 /* SDWebImageSwiftUI */,
			);
			productName = TechnicalTestOlimpia;
			productReference = 188DF449255F8A22000A729E /* TechnicalTestOlimpia.app */;
			productType = "com.apple.product-type.application";
		};
		188DF459255F8A25000A729E /* TechnicalTestOlimpiaTests */ = {
			isa = PBXNativeTarget;
			buildConfigurationList = 188DF471255F8A25000A729E /* Build configuration list for PBXNativeTarget "TechnicalTestOlimpiaTests" */;
			buildPhases = (
				1FABFABE85ED3756F48F517D /* [CP] Check Pods Manifest.lock */,
				188DF456255F8A25000A729E /* Sources */,
				188DF457255F8A25000A729E /* Frameworks */,
				188DF458255F8A25000A729E /* Resources */,
			);
			buildRules = (
			);
			dependencies = (
				188DF45C255F8A25000A729E /* PBXTargetDependency */,
			);
			name = TechnicalTestOlimpiaTests;
			productName = TechnicalTestOlimpiaTests;
			productReference = 188DF45A255F8A25000A729E /* TechnicalTestOlimpiaTests.xctest */;
			productType = "com.apple.product-type.bundle.unit-test";
		};
		188DF464255F8A25000A729E /* TechnicalTestOlimpiaUITests */ = {
			isa = PBXNativeTarget;
			buildConfigurationList = 188DF474255F8A25000A729E /* Build configuration list for PBXNativeTarget "TechnicalTestOlimpiaUITests" */;
			buildPhases = (
				188DF461255F8A25000A729E /* Sources */,
				188DF462255F8A25000A729E /* Frameworks */,
				188DF463255F8A25000A729E /* Resources */,
			);
			buildRules = (
			);
			dependencies = (
				188DF467255F8A25000A729E /* PBXTargetDependency */,
			);
			name = TechnicalTestOlimpiaUITests;
			productName = TechnicalTestOlimpiaUITests;
			productReference = 188DF465255F8A25000A729E /* TechnicalTestOlimpiaUITests.xctest */;
			productType = "com.apple.product-type.bundle.ui-testing";
		};
/* End PBXNativeTarget section */

/* Begin PBXProject section */
		188DF441255F8A22000A729E /* Project object */ = {
			isa = PBXProject;
			attributes = {
				LastSwiftUpdateCheck = 1210;
				LastUpgradeCheck = 1210;
				TargetAttributes = {
					188DF448255F8A22000A729E = {
						CreatedOnToolsVersion = 12.1;
					};
					188DF459255F8A25000A729E = {
						CreatedOnToolsVersion = 12.1;
						TestTargetID = 188DF448255F8A22000A729E;
					};
					188DF464255F8A25000A729E = {
						CreatedOnToolsVersion = 12.1;
						TestTargetID = 188DF448255F8A22000A729E;
					};
				};
			};
			buildConfigurationList = 188DF444255F8A22000A729E /* Build configuration list for PBXProject "TechnicalTestOlimpia" */;
			compatibilityVersion = "Xcode 9.3";
			developmentRegion = en;
			hasScannedForEncodings = 0;
			knownRegions = (
				en,
				Base,
				es,
				"pt-PT",
				fr,
				it,
				de,
			);
			mainGroup = 188DF440255F8A22000A729E;
			packageReferences = (
				181C4441256227D30009D631 /* XCRemoteSwiftPackageReference "SDWebImageSwiftUI" */,
			);
			productRefGroup = 188DF44A255F8A22000A729E /* Products */;
			projectDirPath = "";
			projectRoot = "";
			targets = (
				188DF448255F8A22000A729E /* TechnicalTestOlimpia */,
				188DF459255F8A25000A729E /* TechnicalTestOlimpiaTests */,
				188DF464255F8A25000A729E /* TechnicalTestOlimpiaUITests */,
			);
		};
/* End PBXProject section */

/* Begin PBXResourcesBuildPhase section */
		188DF447255F8A22000A729E /* Resources */ = {
			isa = PBXResourcesBuildPhase;
			buildActionMask = 2147483647;
			files = (
				188DF4B8255F926E000A729E /* Roboto-Medium.ttf in Resources */,
				181C4413256216220009D631 /* language.json in Resources */,
				188DF4BA255F926E000A729E /* Roboto-Italic.ttf in Resources */,
				181C43A825620AD10009D631 /* Localizable.strings in Resources */,
				188DF454255F8A25000A729E /* Preview Assets.xcassets in Resources */,
				188DF4B9255F926E000A729E /* Roboto-Regular.ttf in Resources */,
				188DF451255F8A25000A729E /* Assets.xcassets in Resources */,
				188DF4BB255F926E000A729E /* Roboto-BoldItalic.ttf in Resources */,
				188DF4BC255F926E000A729E /* Roboto-Bold.ttf in Resources */,
				1844013E25605C7D000CABC5 /* Camera.storyboard in Resources */,
				188DF4B7255F926E000A729E /* Roboto-Light.ttf in Resources */,
				184401F42560860D000CABC5 /* InfoPlist.strings in Resources */,
			);
			runOnlyForDeploymentPostprocessing = 0;
		};
		188DF458255F8A25000A729E /* Resources */ = {
			isa = PBXResourcesBuildPhase;
			buildActionMask = 2147483647;
			files = (
			);
			runOnlyForDeploymentPostprocessing = 0;
		};
		188DF463255F8A25000A729E /* Resources */ = {
			isa = PBXResourcesBuildPhase;
			buildActionMask = 2147483647;
			files = (
			);
			runOnlyForDeploymentPostprocessing = 0;
		};
/* End PBXResourcesBuildPhase section */

/* Begin PBXShellScriptBuildPhase section */
		1FABFABE85ED3756F48F517D /* [CP] Check Pods Manifest.lock */ = {
			isa = PBXShellScriptBuildPhase;
			buildActionMask = 2147483647;
			files = (
			);
			inputFileListPaths = (
			);
			inputPaths = (
				"${PODS_PODFILE_DIR_PATH}/Podfile.lock",
				"${PODS_ROOT}/Manifest.lock",
			);
			name = "[CP] Check Pods Manifest.lock";
			outputFileListPaths = (
			);
			outputPaths = (
				"$(DERIVED_FILE_DIR)/Pods-TechnicalTestOlimpiaTests-checkManifestLockResult.txt",
			);
			runOnlyForDeploymentPostprocessing = 0;
			shellPath = /bin/sh;
			shellScript = "diff \"${PODS_PODFILE_DIR_PATH}/Podfile.lock\" \"${PODS_ROOT}/Manifest.lock\" > /dev/null\nif [ $? != 0 ] ; then\n    # print error to STDERR\n    echo \"error: The sandbox is not in sync with the Podfile.lock. Run 'pod install' or update your CocoaPods installation.\" >&2\n    exit 1\nfi\n# This output is used by Xcode 'outputs' to avoid re-running this script phase.\necho \"SUCCESS\" > \"${SCRIPT_OUTPUT_FILE_0}\"\n";
			showEnvVarsInLog = 0;
		};
		843A4E4EA8D7D09868577959 /* [CP] Embed Pods Frameworks */ = {
			isa = PBXShellScriptBuildPhase;
			buildActionMask = 2147483647;
			files = (
			);
			inputFileListPaths = (
				"${PODS_ROOT}/Target Support Files/Pods-TechnicalTestOlimpia/Pods-TechnicalTestOlimpia-frameworks-${CONFIGURATION}-input-files.xcfilelist",
			);
			name = "[CP] Embed Pods Frameworks";
			outputFileListPaths = (
				"${PODS_ROOT}/Target Support Files/Pods-TechnicalTestOlimpia/Pods-TechnicalTestOlimpia-frameworks-${CONFIGURATION}-output-files.xcfilelist",
			);
			runOnlyForDeploymentPostprocessing = 0;
			shellPath = /bin/sh;
			shellScript = "\"${PODS_ROOT}/Target Support Files/Pods-TechnicalTestOlimpia/Pods-TechnicalTestOlimpia-frameworks.sh\"\n";
			showEnvVarsInLog = 0;
		};
		931DF1642267D253199E1AA9 /* [CP] Check Pods Manifest.lock */ = {
			isa = PBXShellScriptBuildPhase;
			buildActionMask = 2147483647;
			files = (
			);
			inputFileListPaths = (
			);
			inputPaths = (
				"${PODS_PODFILE_DIR_PATH}/Podfile.lock",
				"${PODS_ROOT}/Manifest.lock",
			);
			name = "[CP] Check Pods Manifest.lock";
			outputFileListPaths = (
			);
			outputPaths = (
				"$(DERIVED_FILE_DIR)/Pods-TechnicalTestOlimpia-checkManifestLockResult.txt",
			);
			runOnlyForDeploymentPostprocessing = 0;
			shellPath = /bin/sh;
			shellScript = "diff \"${PODS_PODFILE_DIR_PATH}/Podfile.lock\" \"${PODS_ROOT}/Manifest.lock\" > /dev/null\nif [ $? != 0 ] ; then\n    # print error to STDERR\n    echo \"error: The sandbox is not in sync with the Podfile.lock. Run 'pod install' or update your CocoaPods installation.\" >&2\n    exit 1\nfi\n# This output is used by Xcode 'outputs' to avoid re-running this script phase.\necho \"SUCCESS\" > \"${SCRIPT_OUTPUT_FILE_0}\"\n";
			showEnvVarsInLog = 0;
		};
		DDBCDA6382569C19F095B70F /* [CP] Copy Pods Resources */ = {
			isa = PBXShellScriptBuildPhase;
			buildActionMask = 2147483647;
			files = (
			);
			inputFileListPaths = (
				"${PODS_ROOT}/Target Support Files/Pods-TechnicalTestOlimpia/Pods-TechnicalTestOlimpia-resources-${CONFIGURATION}-input-files.xcfilelist",
			);
			name = "[CP] Copy Pods Resources";
			outputFileListPaths = (
				"${PODS_ROOT}/Target Support Files/Pods-TechnicalTestOlimpia/Pods-TechnicalTestOlimpia-resources-${CONFIGURATION}-output-files.xcfilelist",
			);
			runOnlyForDeploymentPostprocessing = 0;
			shellPath = /bin/sh;
			shellScript = "\"${PODS_ROOT}/Target Support Files/Pods-TechnicalTestOlimpia/Pods-TechnicalTestOlimpia-resources.sh\"\n";
			showEnvVarsInLog = 0;
		};
/* End PBXShellScriptBuildPhase section */

/* Begin PBXSourcesBuildPhase section */
		188DF445255F8A22000A729E /* Sources */ = {
			isa = PBXSourcesBuildPhase;
			buildActionMask = 2147483647;
			files = (
				184401BC2560639B000CABC5 /* FileSystem.swift in Sources */,
				184401E925607531000CABC5 /* ApplicationExtension.swift in Sources */,
				184402FE2560A7FD000CABC5 /* ColorConfig.swift in Sources */,
				188DF44F255F8A22000A729E /* ContentView.swift in Sources */,
				181C44AE256234900009D631 /* LanguageRepository.swift in Sources */,
				184402572560A449000CABC5 /* ResDTO.swift in Sources */,
				1844030D2560A8B2000CABC5 /* LoadingView.swift in Sources */,
				1844018D256060DD000CABC5 /* PhotoGridViewCell.swift in Sources */,
				188DF44D255F8A22000A729E /* TechnicalTestOlimpiaApp.swift in Sources */,
				188DF49F255F90A7000A729E /* NavigationBarModifier.swift in Sources */,
				184403B62560AF06000CABC5 /* ReqDTO.swift in Sources */,
				184402612560A48A000CABC5 /* ErrorDTO.swift in Sources */,
				181C4448256227F60009D631 /* MenuCellView.swift in Sources */,
				1844034C2560AB44000CABC5 /* BundleExtension.swift in Sources */,
				184401A4256061D2000CABC5 /* DirectionalPanGestureRecognizer.swift in Sources */,
				1844014E25605D16000CABC5 /* CameraView.swift in Sources */,
				181C446F256228B60009D631 /* MenuViewModel.swift in Sources */,
				188DF47D255F8E5B000A729E /* UserDataView.swift in Sources */,
				1844019A2560615B000CABC5 /* PhotoLibrary.swift in Sources */,
				184401AE25606309000CABC5 /* CircleView.swift in Sources */,
				1844033D2560AA8E000CABC5 /* ImageExtension.swift in Sources */,
				184401B725606362000CABC5 /* ViewExtension.swift in Sources */,
				184401A925606279000CABC5 /* UIButton+Events.swift in Sources */,
				184403512560AB6B000CABC5 /* ErrorUtility.swift in Sources */,
				184403422560AAED000CABC5 /* LanguageConfig.swift in Sources */,
				18C9CCD32560B0E5005049F2 /* JsonCodable.swift in Sources */,
				181C44A0256233720009D631 /* ThemeView.swift in Sources */,
				184401C1256063E3000CABC5 /* StringExtension.swift in Sources */,
				184402F92560A788000CABC5 /* LocationModel.swift in Sources */,
				188DF4C6255F9316000A729E /* FontUtility.swift in Sources */,
				188DF4AD255F9108000A729E /* CornerRadiusStyle.swift in Sources */,
				188DF4E8255F9D7B000A729E /* Buttons.swift in Sources */,
				1844026C2560A554000CABC5 /* UserWS.swift in Sources */,
				188DF4E0255F9879000A729E /* TextFieldStyle.swift in Sources */,
				1844022B2560A1B4000CABC5 /* LocationViewModel.swift in Sources */,
				188DF4FA255FA05E000A729E /* FontConfig.swift in Sources */,
				181C4484256231C80009D631 /* AppearanceSettingsView.swift in Sources */,
				1844024B2560A34C000CABC5 /* RegisterUserReqDTO.swift in Sources */,
				181C45E2256251620009D631 /* RegisterUserResDTO.swift in Sources */,
				184402662560A4AE000CABC5 /* ManagerWS.swift in Sources */,
				188DF486255F8F68000A729E /* ColorExtension.swift in Sources */,
				1844017F25605F27000CABC5 /* Math.swift in Sources */,
				181C44A9256233AA0009D631 /* ThemeViewModel.swift in Sources */,
				184403332560A9EE000CABC5 /* SearchBarView.swift in Sources */,
				181C446A2562285D0009D631 /* MenuItemModel.swift in Sources */,
				188DF496255F9029000A729E /* DeviceExtension.swift in Sources */,
				1844014925605CF0000CABC5 /* CameraViewController.swift in Sources */,
				184402262560A18D000CABC5 /* LocationView.swift in Sources */,
				1844019F2560617D000CABC5 /* GalleryView.swift in Sources */,
				184403472560AB17000CABC5 /* LanguageModel.swift in Sources */,
				1844019525606109000CABC5 /* GalleryViewController.swift in Sources */,
				184402202560A166000CABC5 /* MapView.swift in Sources */,
				181C4489256231FD0009D631 /* AppearanceSettingsViewModel.swift in Sources */,
				184403082560A888000CABC5 /* TableViewConfig.swift in Sources */,
				1844017525605DD7000CABC5 /* DefaultsConfig.swift in Sources */,
				181C44B8256238C80009D631 /* LanguageCellView.swift in Sources */,
				184403382560AA22000CABC5 /* TextFieldUtility.swift in Sources */,
				184402D42560A6D4000CABC5 /* Constant.swift in Sources */,
				181C449B256233430009D631 /* LanguageViewModel.swift in Sources */,
				181C44EB2562428C0009D631 /* ContentViewModel.swift in Sources */,
				1844020C25609FFF000CABC5 /* UserModel.swift in Sources */,
				184401D32560658F000CABC5 /* SegueConfig.swift in Sources */,
				1844025C2560A46A000CABC5 /* ResultResDTO.swift in Sources */,
				184403122560A8E2000CABC5 /* WeakTimer.swift in Sources */,
				1844017A25605ED8000CABC5 /* FrameUtility.swift in Sources */,
				184402742560A5C6000CABC5 /* UserRepository.swift in Sources */,
				1844014325605CC2000CABC5 /* CameraController.swift in Sources */,
				181C44B3256237540009D631 /* SettingCellView.swift in Sources */,
				181C44C12562391E0009D631 /* CheckBoxUtility.swift in Sources */,
				188DF4A5255F90EA000A729E /* FontsModifiers.swift in Sources */,
				1844018425605F79000CABC5 /* PhotoPickerController.swift in Sources */,
				184403032560A858000CABC5 /* LocationCellView.swift in Sources */,
				181C4492256233030009D631 /* LanguageView.swift in Sources */,
				181C43F1256211720009D631 /* UserDataViewModel.swift in Sources */,
				181C443C2562272A0009D631 /* MenuView.swift in Sources */,
			);
			runOnlyForDeploymentPostprocessing = 0;
		};
		188DF456255F8A25000A729E /* Sources */ = {
			isa = PBXSourcesBuildPhase;
			buildActionMask = 2147483647;
			files = (
				188DF45F255F8A25000A729E /* TechnicalTestOlimpiaTests.swift in Sources */,
			);
			runOnlyForDeploymentPostprocessing = 0;
		};
		188DF461255F8A25000A729E /* Sources */ = {
			isa = PBXSourcesBuildPhase;
			buildActionMask = 2147483647;
			files = (
				188DF46A255F8A25000A729E /* TechnicalTestOlimpiaUITests.swift in Sources */,
			);
			runOnlyForDeploymentPostprocessing = 0;
		};
/* End PBXSourcesBuildPhase section */

/* Begin PBXTargetDependency section */
		188DF45C255F8A25000A729E /* PBXTargetDependency */ = {
			isa = PBXTargetDependency;
			target = 188DF448255F8A22000A729E /* TechnicalTestOlimpia */;
			targetProxy = 188DF45B255F8A25000A729E /* PBXContainerItemProxy */;
		};
		188DF467255F8A25000A729E /* PBXTargetDependency */ = {
			isa = PBXTargetDependency;
			target = 188DF448255F8A22000A729E /* TechnicalTestOlimpia */;
			targetProxy = 188DF466255F8A25000A729E /* PBXContainerItemProxy */;
		};
/* End PBXTargetDependency section */

/* Begin PBXVariantGroup section */
		181C43AA25620AD10009D631 /* Localizable.strings */ = {
			isa = PBXVariantGroup;
			children = (
				181C43A925620AD10009D631 /* en */,
				181C43AE25620AD50009D631 /* fr */,
				181C43AF25620AD70009D631 /* de */,
				181C43B025620ADE0009D631 /* it */,
				181C43B125620AE00009D631 /* pt-PT */,
				181C43B225620AE20009D631 /* es */,
			);
			name = Localizable.strings;
			sourceTree = "<group>";
		};
/* End PBXVariantGroup section */

/* Begin XCBuildConfiguration section */
		188DF46C255F8A25000A729E /* Debug */ = {
			isa = XCBuildConfiguration;
			buildSettings = {
				ALWAYS_SEARCH_USER_PATHS = NO;
				CLANG_ANALYZER_NONNULL = YES;
				CLANG_ANALYZER_NUMBER_OBJECT_CONVERSION = YES_AGGRESSIVE;
				CLANG_CXX_LANGUAGE_STANDARD = "gnu++14";
				CLANG_CXX_LIBRARY = "libc++";
				CLANG_ENABLE_MODULES = YES;
				CLANG_ENABLE_OBJC_ARC = YES;
				CLANG_ENABLE_OBJC_WEAK = YES;
				CLANG_WARN_BLOCK_CAPTURE_AUTORELEASING = YES;
				CLANG_WARN_BOOL_CONVERSION = YES;
				CLANG_WARN_COMMA = YES;
				CLANG_WARN_CONSTANT_CONVERSION = YES;
				CLANG_WARN_DEPRECATED_OBJC_IMPLEMENTATIONS = YES;
				CLANG_WARN_DIRECT_OBJC_ISA_USAGE = YES_ERROR;
				CLANG_WARN_DOCUMENTATION_COMMENTS = YES;
				CLANG_WARN_EMPTY_BODY = YES;
				CLANG_WARN_ENUM_CONVERSION = YES;
				CLANG_WARN_INFINITE_RECURSION = YES;
				CLANG_WARN_INT_CONVERSION = YES;
				CLANG_WARN_NON_LITERAL_NULL_CONVERSION = YES;
				CLANG_WARN_OBJC_IMPLICIT_RETAIN_SELF = YES;
				CLANG_WARN_OBJC_LITERAL_CONVERSION = YES;
				CLANG_WARN_OBJC_ROOT_CLASS = YES_ERROR;
				CLANG_WARN_QUOTED_INCLUDE_IN_FRAMEWORK_HEADER = YES;
				CLANG_WARN_RANGE_LOOP_ANALYSIS = YES;
				CLANG_WARN_STRICT_PROTOTYPES = YES;
				CLANG_WARN_SUSPICIOUS_MOVE = YES;
				CLANG_WARN_UNGUARDED_AVAILABILITY = YES_AGGRESSIVE;
				CLANG_WARN_UNREACHABLE_CODE = YES;
				CLANG_WARN__DUPLICATE_METHOD_MATCH = YES;
				COPY_PHASE_STRIP = NO;
				DEBUG_INFORMATION_FORMAT = dwarf;
				ENABLE_STRICT_OBJC_MSGSEND = YES;
				ENABLE_TESTABILITY = YES;
				GCC_C_LANGUAGE_STANDARD = gnu11;
				GCC_DYNAMIC_NO_PIC = NO;
				GCC_NO_COMMON_BLOCKS = YES;
				GCC_OPTIMIZATION_LEVEL = 0;
				GCC_PREPROCESSOR_DEFINITIONS = (
					"DEBUG=1",
					"$(inherited)",
				);
				GCC_WARN_64_TO_32_BIT_CONVERSION = YES;
				GCC_WARN_ABOUT_RETURN_TYPE = YES_ERROR;
				GCC_WARN_UNDECLARED_SELECTOR = YES;
				GCC_WARN_UNINITIALIZED_AUTOS = YES_AGGRESSIVE;
				GCC_WARN_UNUSED_FUNCTION = YES;
				GCC_WARN_UNUSED_VARIABLE = YES;
				IPHONEOS_DEPLOYMENT_TARGET = 14.1;
				MTL_ENABLE_DEBUG_INFO = INCLUDE_SOURCE;
				MTL_FAST_MATH = YES;
				ONLY_ACTIVE_ARCH = YES;
				SDKROOT = iphoneos;
				SWIFT_ACTIVE_COMPILATION_CONDITIONS = DEBUG;
				SWIFT_OPTIMIZATION_LEVEL = "-Onone";
			};
			name = Debug;
		};
		188DF46D255F8A25000A729E /* Release */ = {
			isa = XCBuildConfiguration;
			buildSettings = {
				ALWAYS_SEARCH_USER_PATHS = NO;
				CLANG_ANALYZER_NONNULL = YES;
				CLANG_ANALYZER_NUMBER_OBJECT_CONVERSION = YES_AGGRESSIVE;
				CLANG_CXX_LANGUAGE_STANDARD = "gnu++14";
				CLANG_CXX_LIBRARY = "libc++";
				CLANG_ENABLE_MODULES = YES;
				CLANG_ENABLE_OBJC_ARC = YES;
				CLANG_ENABLE_OBJC_WEAK = YES;
				CLANG_WARN_BLOCK_CAPTURE_AUTORELEASING = YES;
				CLANG_WARN_BOOL_CONVERSION = YES;
				CLANG_WARN_COMMA = YES;
				CLANG_WARN_CONSTANT_CONVERSION = YES;
				CLANG_WARN_DEPRECATED_OBJC_IMPLEMENTATIONS = YES;
				CLANG_WARN_DIRECT_OBJC_ISA_USAGE = YES_ERROR;
				CLANG_WARN_DOCUMENTATION_COMMENTS = YES;
				CLANG_WARN_EMPTY_BODY = YES;
				CLANG_WARN_ENUM_CONVERSION = YES;
				CLANG_WARN_INFINITE_RECURSION = YES;
				CLANG_WARN_INT_CONVERSION = YES;
				CLANG_WARN_NON_LITERAL_NULL_CONVERSION = YES;
				CLANG_WARN_OBJC_IMPLICIT_RETAIN_SELF = YES;
				CLANG_WARN_OBJC_LITERAL_CONVERSION = YES;
				CLANG_WARN_OBJC_ROOT_CLASS = YES_ERROR;
				CLANG_WARN_QUOTED_INCLUDE_IN_FRAMEWORK_HEADER = YES;
				CLANG_WARN_RANGE_LOOP_ANALYSIS = YES;
				CLANG_WARN_STRICT_PROTOTYPES = YES;
				CLANG_WARN_SUSPICIOUS_MOVE = YES;
				CLANG_WARN_UNGUARDED_AVAILABILITY = YES_AGGRESSIVE;
				CLANG_WARN_UNREACHABLE_CODE = YES;
				CLANG_WARN__DUPLICATE_METHOD_MATCH = YES;
				COPY_PHASE_STRIP = NO;
				DEBUG_INFORMATION_FORMAT = "dwarf-with-dsym";
				ENABLE_NS_ASSERTIONS = NO;
				ENABLE_STRICT_OBJC_MSGSEND = YES;
				GCC_C_LANGUAGE_STANDARD = gnu11;
				GCC_NO_COMMON_BLOCKS = YES;
				GCC_WARN_64_TO_32_BIT_CONVERSION = YES;
				GCC_WARN_ABOUT_RETURN_TYPE = YES_ERROR;
				GCC_WARN_UNDECLARED_SELECTOR = YES;
				GCC_WARN_UNINITIALIZED_AUTOS = YES_AGGRESSIVE;
				GCC_WARN_UNUSED_FUNCTION = YES;
				GCC_WARN_UNUSED_VARIABLE = YES;
				IPHONEOS_DEPLOYMENT_TARGET = 14.1;
				MTL_ENABLE_DEBUG_INFO = NO;
				MTL_FAST_MATH = YES;
				SDKROOT = iphoneos;
				SWIFT_COMPILATION_MODE = wholemodule;
				SWIFT_OPTIMIZATION_LEVEL = "-O";
				VALIDATE_PRODUCT = YES;
			};
			name = Release;
		};
		188DF46F255F8A25000A729E /* Debug */ = {
			isa = XCBuildConfiguration;
			baseConfigurationReference = B681C7BD121613755DAFB139 /* Pods-TechnicalTestOlimpia.debug.xcconfig */;
			buildSettings = {
				ASSETCATALOG_COMPILER_APPICON_NAME = AppIcon;
				ASSETCATALOG_COMPILER_GLOBAL_ACCENT_COLOR_NAME = AccentColor;
				CODE_SIGN_STYLE = Automatic;
				DEVELOPMENT_ASSET_PATHS = "\"TechnicalTestOlimpia/Preview Content\"";
				DEVELOPMENT_TEAM = SFLM22U388;
				ENABLE_PREVIEWS = YES;
				INFOPLIST_FILE = TechnicalTestOlimpia/Info.plist;
				IPHONEOS_DEPLOYMENT_TARGET = 14.0;
				LD_RUNPATH_SEARCH_PATHS = (
					"$(inherited)",
					"@executable_path/Frameworks",
				);
				PRODUCT_BUNDLE_IDENTIFIER = com.condorlabs.TechnicalTestOlimpia;
				PRODUCT_NAME = "$(TARGET_NAME)";
				SWIFT_VERSION = 5.0;
				TARGETED_DEVICE_FAMILY = "1,2";
			};
			name = Debug;
		};
		188DF470255F8A25000A729E /* Release */ = {
			isa = XCBuildConfiguration;
			baseConfigurationReference = 506F11F158851D5A87CC716F /* Pods-TechnicalTestOlimpia.release.xcconfig */;
			buildSettings = {
				ASSETCATALOG_COMPILER_APPICON_NAME = AppIcon;
				ASSETCATALOG_COMPILER_GLOBAL_ACCENT_COLOR_NAME = AccentColor;
				CODE_SIGN_STYLE = Automatic;
				DEVELOPMENT_ASSET_PATHS = "\"TechnicalTestOlimpia/Preview Content\"";
				DEVELOPMENT_TEAM = SFLM22U388;
				ENABLE_PREVIEWS = YES;
				INFOPLIST_FILE = TechnicalTestOlimpia/Info.plist;
				IPHONEOS_DEPLOYMENT_TARGET = 14.0;
				LD_RUNPATH_SEARCH_PATHS = (
					"$(inherited)",
					"@executable_path/Frameworks",
				);
				PRODUCT_BUNDLE_IDENTIFIER = com.condorlabs.TechnicalTestOlimpia;
				PRODUCT_NAME = "$(TARGET_NAME)";
				SWIFT_VERSION = 5.0;
				TARGETED_DEVICE_FAMILY = "1,2";
			};
			name = Release;
		};
		188DF472255F8A25000A729E /* Debug */ = {
			isa = XCBuildConfiguration;
			baseConfigurationReference = FF6EA60F574E939CA741639E /* Pods-TechnicalTestOlimpiaTests.debug.xcconfig */;
			buildSettings = {
				ALWAYS_EMBED_SWIFT_STANDARD_LIBRARIES = YES;
				BUNDLE_LOADER = "$(TEST_HOST)";
				CODE_SIGN_STYLE = Automatic;
				INFOPLIST_FILE = TechnicalTestOlimpiaTests/Info.plist;
				IPHONEOS_DEPLOYMENT_TARGET = 14.0;
				LD_RUNPATH_SEARCH_PATHS = (
					"$(inherited)",
					"@executable_path/Frameworks",
					"@loader_path/Frameworks",
				);
				PRODUCT_BUNDLE_IDENTIFIER = com.condorlabs.TechnicalTestOlimpiaTests;
				PRODUCT_NAME = "$(TARGET_NAME)";
				SWIFT_VERSION = 5.0;
				TARGETED_DEVICE_FAMILY = "1,2";
				TEST_HOST = "$(BUILT_PRODUCTS_DIR)/TechnicalTestOlimpia.app/TechnicalTestOlimpia";
			};
			name = Debug;
		};
		188DF473255F8A25000A729E /* Release */ = {
			isa = XCBuildConfiguration;
			baseConfigurationReference = 1C017A812F9B053579E66783 /* Pods-TechnicalTestOlimpiaTests.release.xcconfig */;
			buildSettings = {
				ALWAYS_EMBED_SWIFT_STANDARD_LIBRARIES = YES;
				BUNDLE_LOADER = "$(TEST_HOST)";
				CODE_SIGN_STYLE = Automatic;
				INFOPLIST_FILE = TechnicalTestOlimpiaTests/Info.plist;
				IPHONEOS_DEPLOYMENT_TARGET = 14.0;
				LD_RUNPATH_SEARCH_PATHS = (
					"$(inherited)",
					"@executable_path/Frameworks",
					"@loader_path/Frameworks",
				);
				PRODUCT_BUNDLE_IDENTIFIER = com.condorlabs.TechnicalTestOlimpiaTests;
				PRODUCT_NAME = "$(TARGET_NAME)";
				SWIFT_VERSION = 5.0;
				TARGETED_DEVICE_FAMILY = "1,2";
				TEST_HOST = "$(BUILT_PRODUCTS_DIR)/TechnicalTestOlimpia.app/TechnicalTestOlimpia";
			};
			name = Release;
		};
		188DF475255F8A25000A729E /* Debug */ = {
			isa = XCBuildConfiguration;
			buildSettings = {
				ALWAYS_EMBED_SWIFT_STANDARD_LIBRARIES = YES;
				CODE_SIGN_STYLE = Automatic;
				INFOPLIST_FILE = TechnicalTestOlimpiaUITests/Info.plist;
				LD_RUNPATH_SEARCH_PATHS = (
					"$(inherited)",
					"@executable_path/Frameworks",
					"@loader_path/Frameworks",
				);
				PRODUCT_BUNDLE_IDENTIFIER = com.condorlabs.TechnicalTestOlimpiaUITests;
				PRODUCT_NAME = "$(TARGET_NAME)";
				SWIFT_VERSION = 5.0;
				TARGETED_DEVICE_FAMILY = "1,2";
				TEST_TARGET_NAME = TechnicalTestOlimpia;
			};
			name = Debug;
		};
		188DF476255F8A25000A729E /* Release */ = {
			isa = XCBuildConfiguration;
			buildSettings = {
				ALWAYS_EMBED_SWIFT_STANDARD_LIBRARIES = YES;
				CODE_SIGN_STYLE = Automatic;
				INFOPLIST_FILE = TechnicalTestOlimpiaUITests/Info.plist;
				LD_RUNPATH_SEARCH_PATHS = (
					"$(inherited)",
					"@executable_path/Frameworks",
					"@loader_path/Frameworks",
				);
				PRODUCT_BUNDLE_IDENTIFIER = com.condorlabs.TechnicalTestOlimpiaUITests;
				PRODUCT_NAME = "$(TARGET_NAME)";
				SWIFT_VERSION = 5.0;
				TARGETED_DEVICE_FAMILY = "1,2";
				TEST_TARGET_NAME = TechnicalTestOlimpia;
			};
			name = Release;
		};
/* End XCBuildConfiguration section */

/* Begin XCConfigurationList section */
		188DF444255F8A22000A729E /* Build configuration list for PBXProject "TechnicalTestOlimpia" */ = {
			isa = XCConfigurationList;
			buildConfigurations = (
				188DF46C255F8A25000A729E /* Debug */,
				188DF46D255F8A25000A729E /* Release */,
			);
			defaultConfigurationIsVisible = 0;
			defaultConfigurationName = Release;
		};
		188DF46E255F8A25000A729E /* Build configuration list for PBXNativeTarget "TechnicalTestOlimpia" */ = {
			isa = XCConfigurationList;
			buildConfigurations = (
				188DF46F255F8A25000A729E /* Debug */,
				188DF470255F8A25000A729E /* Release */,
			);
			defaultConfigurationIsVisible = 0;
			defaultConfigurationName = Release;
		};
		188DF471255F8A25000A729E /* Build configuration list for PBXNativeTarget "TechnicalTestOlimpiaTests" */ = {
			isa = XCConfigurationList;
			buildConfigurations = (
				188DF472255F8A25000A729E /* Debug */,
				188DF473255F8A25000A729E /* Release */,
			);
			defaultConfigurationIsVisible = 0;
			defaultConfigurationName = Release;
		};
		188DF474255F8A25000A729E /* Build configuration list for PBXNativeTarget "TechnicalTestOlimpiaUITests" */ = {
			isa = XCConfigurationList;
			buildConfigurations = (
				188DF475255F8A25000A729E /* Debug */,
				188DF476255F8A25000A729E /* Release */,
			);
			defaultConfigurationIsVisible = 0;
			defaultConfigurationName = Release;
		};
/* End XCConfigurationList section */

/* Begin XCRemoteSwiftPackageReference section */
		181C4441256227D30009D631 /* XCRemoteSwiftPackageReference "SDWebImageSwiftUI" */ = {
			isa = XCRemoteSwiftPackageReference;
			repositoryURL = "https://github.com/SDWebImage/SDWebImageSwiftUI";
			requirement = {
				kind = upToNextMajorVersion;
				minimumVersion = 1.5.0;
			};
		};
/* End XCRemoteSwiftPackageReference section */

/* Begin XCSwiftPackageProductDependency section */
		181C4442256227D30009D631 /* SDWebImageSwiftUI */ = {
			isa = XCSwiftPackageProductDependency;
			package = 181C4441256227D30009D631 /* XCRemoteSwiftPackageReference "SDWebImageSwiftUI" */;
			productName = SDWebImageSwiftUI;
		};
/* End XCSwiftPackageProductDependency section */
	};
	rootObject = 188DF441255F8A22000A729E /* Project object */;
}
